// !$*UTF8*$!
{
	archiveVersion = 1;
	classes = {
	};
	objectVersion = 77;
	objects = {

/* Begin PBXBuildFile section */
		00087DA33D2058EA9A73DDD6 /* SyncSchedulerTests.swift in Sources */ = {isa = PBXBuildFile; fileRef = CF478BE00C2540E5A49D1E46 /* SyncSchedulerTests.swift */; };
		02E55AFA00BD9CCB7061CBD2 /* DatabaseQueueFactory.swift in Sources */ = {isa = PBXBuildFile; fileRef = A9430FC958CF84944A796120 /* DatabaseQueueFactory.swift */; };
		0B7A1E6883B9421F947F5D5A /* HistoryView.swift in Sources */ = {isa = PBXBuildFile; fileRef = D4FD0B8F6937F8D5E989AF9C /* HistoryView.swift */; };
		1D1137DB62EEA16A172F4F1D /* MoneyAmount.swift in Sources */ = {isa = PBXBuildFile; fileRef = 675ADA919D8753AAAEFAB44F /* MoneyAmount.swift */; };
		1E46A6F4CEAD273122B13271 /* ClaudeUsageAdapterTests.swift in Sources */ = {isa = PBXBuildFile; fileRef = BB4A7EC82D5A0FF89DFAD496 /* ClaudeUsageAdapterTests.swift */; };
		1F057127236C7C74BCADB639 /* AppModeTests.swift in Sources */ = {isa = PBXBuildFile; fileRef = 347CEC22ED71F6DCC815DB03 /* AppModeTests.swift */; };
		2466E6A178B38615D36C1133 /* AccountSyncStateTests.swift in Sources */ = {isa = PBXBuildFile; fileRef = E04A9E41666FF246015BB1AE /* AccountSyncStateTests.swift */; };
		28C11321FB7E815ECD239AE1 /* PricingCatalog.swift in Sources */ = {isa = PBXBuildFile; fileRef = 2D596EC370B13AA593C32D79 /* PricingCatalog.swift */; };
		29DAC97DF9CC2CB3A0D01784 /* AppSettingsStoreTests.swift in Sources */ = {isa = PBXBuildFile; fileRef = BD5F66FB95D8BBD93EFCBE00 /* AppSettingsStoreTests.swift */; };
		2A7289DD211158D42C26C9DE /* MenuBarView.swift in Sources */ = {isa = PBXBuildFile; fileRef = BB947F271F18142FE2CD64DB /* MenuBarView.swift */; };
		2BDACE3AAE0A202FCB9520BC /* AppSettingsStore.swift in Sources */ = {isa = PBXBuildFile; fileRef = 7E78F87ED03A83F2D193EF8B /* AppSettingsStore.swift */; };
		2DF42C50602C384C26283736 /* GRDB in Frameworks */ = {isa = PBXBuildFile; productRef = C1D17CF7506CDB47E08BD82A /* GRDB */; };
		373696DD1AD3D4D19DAF6605 /* CursorUsageAdapter.swift in Sources */ = {isa = PBXBuildFile; fileRef = F92E1F1D1168A5B8A662B28F /* CursorUsageAdapter.swift */; };
		37CFE0A06075136004EBA62F /* AppActivationController.swift in Sources */ = {isa = PBXBuildFile; fileRef = 64891BE57A59E15EEFF1CD5F /* AppActivationController.swift */; };
		3E0FE6E63DFF70DBC85F8172 /* OpenAIUsageAdapterTests.swift in Sources */ = {isa = PBXBuildFile; fileRef = 16E33CDE8ED6B06736C4DD65 /* OpenAIUsageAdapterTests.swift */; };
		42DA56777FC9BBAD2671DB97 /* ProviderID.swift in Sources */ = {isa = PBXBuildFile; fileRef = C69732493AABC7109EB74F3F /* ProviderID.swift */; };
		4A2D3A3FE1C0266B2765FD0F /* AccountsView.swift in Sources */ = {isa = PBXBuildFile; fileRef = F06FF5203E4C15863CAB3EE3 /* AccountsView.swift */; };
		4EFD26931B1A1F653945E8CA /* SyncScheduler.swift in Sources */ = {isa = PBXBuildFile; fileRef = 041B91F7984C6D847ABF7C01 /* SyncScheduler.swift */; };
		50DE389F4361F81A9F3BBAE6 /* AccountSummaryFormatting.swift in Sources */ = {isa = PBXBuildFile; fileRef = 65C301199FDCC9595DC906A9 /* AccountSummaryFormatting.swift */; };
		59022EBC301F5B43468F886F /* CostEstimatorTests.swift in Sources */ = {isa = PBXBuildFile; fileRef = D10078AD9B1875C460A90C37 /* CostEstimatorTests.swift */; };
		65EBE11665000DCF8EDA16D7 /* ProviderAdapterTests.swift in Sources */ = {isa = PBXBuildFile; fileRef = 38E16DBA6601CED2ABB83448 /* ProviderAdapterTests.swift */; };
		68A1F885C4A8FF2F2D947648 /* GlyphlineSmokeTests.swift in Sources */ = {isa = PBXBuildFile; fileRef = 412F5489EA0C8B4EE160128C /* GlyphlineSmokeTests.swift */; };
		6D737C47EC2A7E6325625A55 /* GlyphlineApp.swift in Sources */ = {isa = PBXBuildFile; fileRef = AF10D82C0BBAB350C0D404AB /* GlyphlineApp.swift */; };
		6DCD55D33D666FD9D4402F89 /* openai-costs.json in Resources */ = {isa = PBXBuildFile; fileRef = 22E542C9EA7C75092240822A /* openai-costs.json */; };
		6F6854805AD8B45E9AB095BA /* KeychainStoreTests.swift in Sources */ = {isa = PBXBuildFile; fileRef = 89EEFE279720CAF7CA13AEB0 /* KeychainStoreTests.swift */; };
		81A31CCE7A84A8263856A8DC /* Migrations.swift in Sources */ = {isa = PBXBuildFile; fileRef = 979B2CFA8C52D4A2693A102A /* Migrations.swift */; };
		8B403A4B3B94ED8DAA65426D /* FixtureProviderAdapter.swift in Sources */ = {isa = PBXBuildFile; fileRef = 3E4A6EC8C6579850C8C770C5 /* FixtureProviderAdapter.swift */; };
		94436C6F24A2177D2143A0AA /* openai-usage.json in Resources */ = {isa = PBXBuildFile; fileRef = 5F8C45A35D6CA259D7E4F57E /* openai-usage.json */; };
		94709AE6F65A1DC6E85EADAE /* LedgerStoreTests.swift in Sources */ = {isa = PBXBuildFile; fileRef = FA3C1D8E770A657CE4E29EF0 /* LedgerStoreTests.swift */; };
		9682FBE1BC37960675E230A5 /* OpenAIUsageAdapter.swift in Sources */ = {isa = PBXBuildFile; fileRef = 6E8DE8808B732D4745FB73B9 /* OpenAIUsageAdapter.swift */; };
		9FEB70E4EF62958B3969ABFF /* Account.swift in Sources */ = {isa = PBXBuildFile; fileRef = D461F567F4AC93CAD78D6410 /* Account.swift */; };
		A578DC0E93318FDA5872EA0B /* KeychainStore.swift in Sources */ = {isa = PBXBuildFile; fileRef = BA3B73CA5CAB2E184CE9154D /* KeychainStore.swift */; };
		AC776B32695D0B125B30B305 /* SnapshotSummaryTests.swift in Sources */ = {isa = PBXBuildFile; fileRef = B5287B8477F8EF75ABA938B2 /* SnapshotSummaryTests.swift */; };
		AEE77B35497B4D068C0E2FA5 /* DashboardView.swift in Sources */ = {isa = PBXBuildFile; fileRef = 69F038C1101F3228D2C607FB /* DashboardView.swift */; };
		B838F331BD89C2B524410914 /* AddAccountView.swift in Sources */ = {isa = PBXBuildFile; fileRef = A63DE4BE6B1E5DD6EBDEC233 /* AddAccountView.swift */; };
		B85CA610DA5E8BBC7879D1CD /* LedgerStore.swift in Sources */ = {isa = PBXBuildFile; fileRef = 461DE0E81EA86DEF3F3E1A47 /* LedgerStore.swift */; };
		B8B5DF46E5F52175C3B0C9F8 /* UsageModelsTests.swift in Sources */ = {isa = PBXBuildFile; fileRef = 6038A4E395A2847039481F0D /* UsageModelsTests.swift */; };
		BDB7FA3AC93ED473C9C2E92D /* ClaudeUsageAdapter.swift in Sources */ = {isa = PBXBuildFile; fileRef = 0D3611646607A35E26BFEE51 /* ClaudeUsageAdapter.swift */; };
		BE2B9EEEA941F5F4FDD5FDEA /* AppMode.swift in Sources */ = {isa = PBXBuildFile; fileRef = 12E48ACC872A23A3B329B354 /* AppMode.swift */; };
		C088F3B6FD54977DC360F61D /* DataQualityBadge.swift in Sources */ = {isa = PBXBuildFile; fileRef = 7AE00A3814E6334E70168A6B /* DataQualityBadge.swift */; };
		C188981DAC4E75CE72DC3B58 /* SettingsView.swift in Sources */ = {isa = PBXBuildFile; fileRef = 68867B1F76ECF4DE1E6FA098 /* SettingsView.swift */; };
		CAE25CBB5FB46C3D44E6BD64 /* LedgerStoreFactory.swift in Sources */ = {isa = PBXBuildFile; fileRef = E2ACCDCE077861E9661ECBFF /* LedgerStoreFactory.swift */; };
		D6E6B247A10DCFB995E7450F /* CursorUsageAdapterTests.swift in Sources */ = {isa = PBXBuildFile; fileRef = 0D8AAD8E1773BDD67C9C462A /* CursorUsageAdapterTests.swift */; };
		D8B77926E2F0A8CA8B0916E2 /* UsageModels.swift in Sources */ = {isa = PBXBuildFile; fileRef = BE8DBF95730F8FD235AFAC47 /* UsageModels.swift */; };
		DD65CBEE767BCD073129FC0C /* ProviderAdapter.swift in Sources */ = {isa = PBXBuildFile; fileRef = C6BA50B54580BB6EDF13DF33 /* ProviderAdapter.swift */; };
		E3ADEBC94C92A0EC346D4FDF /* OpenAIUsageDTOs.swift in Sources */ = {isa = PBXBuildFile; fileRef = F55EFBB4240EAC3D099E29A3 /* OpenAIUsageDTOs.swift */; };
		E9F07FC2418C6707018C3666 /* MoneyAmountTests.swift in Sources */ = {isa = PBXBuildFile; fileRef = 55BA8694018F37636CBB9BF7 /* MoneyAmountTests.swift */; };
		EE496A4425EF2D3826391753 /* CostEstimator.swift in Sources */ = {isa = PBXBuildFile; fileRef = B258111FCCAE74A8FC95B9FF /* CostEstimator.swift */; };
		F1C14BF4C9F663FD03819DAA /* pricing-v1.json in Resources */ = {isa = PBXBuildFile; fileRef = C1291754346ED094133AE0E6 /* pricing-v1.json */; };
		FE115011C319F621E5E47A5E /* MigrationTests.swift in Sources */ = {isa = PBXBuildFile; fileRef = 38CEA8D84FAB5879F7C9B70E /* MigrationTests.swift */; };
/* End PBXBuildFile section */

/* Begin PBXContainerItemProxy section */
		68FDA82D04ED14A5048198A7 /* PBXContainerItemProxy */ = {
			isa = PBXContainerItemProxy;
			containerPortal = 9BAB3BFDF8B40359C788F3EC /* Project object */;
			proxyType = 1;
			remoteGlobalIDString = E61E4F4E6C3927C0F5FC0C74;
			remoteInfo = Glyphline;
		};
/* End PBXContainerItemProxy section */

/* Begin PBXFileReference section */
		041B91F7984C6D847ABF7C01 /* SyncScheduler.swift */ = {isa = PBXFileReference; lastKnownFileType = sourcecode.swift; path = SyncScheduler.swift; sourceTree = "<group>"; };
		0D3611646607A35E26BFEE51 /* ClaudeUsageAdapter.swift */ = {isa = PBXFileReference; lastKnownFileType = sourcecode.swift; path = ClaudeUsageAdapter.swift; sourceTree = "<group>"; };
		0D8AAD8E1773BDD67C9C462A /* CursorUsageAdapterTests.swift */ = {isa = PBXFileReference; lastKnownFileType = sourcecode.swift; path = CursorUsageAdapterTests.swift; sourceTree = "<group>"; };
		12E48ACC872A23A3B329B354 /* AppMode.swift */ = {isa = PBXFileReference; lastKnownFileType = sourcecode.swift; path = AppMode.swift; sourceTree = "<group>"; };
		16E33CDE8ED6B06736C4DD65 /* OpenAIUsageAdapterTests.swift */ = {isa = PBXFileReference; lastKnownFileType = sourcecode.swift; path = OpenAIUsageAdapterTests.swift; sourceTree = "<group>"; };
		22E542C9EA7C75092240822A /* openai-costs.json */ = {isa = PBXFileReference; lastKnownFileType = text.json; path = "openai-costs.json"; sourceTree = "<group>"; };
		2D596EC370B13AA593C32D79 /* PricingCatalog.swift */ = {isa = PBXFileReference; lastKnownFileType = sourcecode.swift; path = PricingCatalog.swift; sourceTree = "<group>"; };
		347CEC22ED71F6DCC815DB03 /* AppModeTests.swift */ = {isa = PBXFileReference; lastKnownFileType = sourcecode.swift; path = AppModeTests.swift; sourceTree = "<group>"; };
		38CEA8D84FAB5879F7C9B70E /* MigrationTests.swift */ = {isa = PBXFileReference; lastKnownFileType = sourcecode.swift; path = MigrationTests.swift; sourceTree = "<group>"; };
		38E16DBA6601CED2ABB83448 /* ProviderAdapterTests.swift */ = {isa = PBXFileReference; lastKnownFileType = sourcecode.swift; path = ProviderAdapterTests.swift; sourceTree = "<group>"; };
		3B1D47E3EFDB4A47186A23AF /* .gitkeep */ = {isa = PBXFileReference; path = .gitkeep; sourceTree = "<group>"; };
		3E4A6EC8C6579850C8C770C5 /* FixtureProviderAdapter.swift */ = {isa = PBXFileReference; lastKnownFileType = sourcecode.swift; path = FixtureProviderAdapter.swift; sourceTree = "<group>"; };
		412F5489EA0C8B4EE160128C /* GlyphlineSmokeTests.swift */ = {isa = PBXFileReference; lastKnownFileType = sourcecode.swift; path = GlyphlineSmokeTests.swift; sourceTree = "<group>"; };
		461DE0E81EA86DEF3F3E1A47 /* LedgerStore.swift */ = {isa = PBXFileReference; lastKnownFileType = sourcecode.swift; path = LedgerStore.swift; sourceTree = "<group>"; };
		55BA8694018F37636CBB9BF7 /* MoneyAmountTests.swift */ = {isa = PBXFileReference; lastKnownFileType = sourcecode.swift; path = MoneyAmountTests.swift; sourceTree = "<group>"; };
		5925F83C461A2E9765557F05 /* Glyphline.app */ = {isa = PBXFileReference; explicitFileType = wrapper.application; includeInIndex = 0; path = Glyphline.app; sourceTree = BUILT_PRODUCTS_DIR; };
		5F8C45A35D6CA259D7E4F57E /* openai-usage.json */ = {isa = PBXFileReference; lastKnownFileType = text.json; path = "openai-usage.json"; sourceTree = "<group>"; };
		6038A4E395A2847039481F0D /* UsageModelsTests.swift */ = {isa = PBXFileReference; lastKnownFileType = sourcecode.swift; path = UsageModelsTests.swift; sourceTree = "<group>"; };
		64891BE57A59E15EEFF1CD5F /* AppActivationController.swift */ = {isa = PBXFileReference; lastKnownFileType = sourcecode.swift; path = AppActivationController.swift; sourceTree = "<group>"; };
		65C301199FDCC9595DC906A9 /* AccountSummaryFormatting.swift */ = {isa = PBXFileReference; lastKnownFileType = sourcecode.swift; path = AccountSummaryFormatting.swift; sourceTree = "<group>"; };
		675ADA919D8753AAAEFAB44F /* MoneyAmount.swift */ = {isa = PBXFileReference; lastKnownFileType = sourcecode.swift; path = MoneyAmount.swift; sourceTree = "<group>"; };
		68867B1F76ECF4DE1E6FA098 /* SettingsView.swift */ = {isa = PBXFileReference; lastKnownFileType = sourcecode.swift; path = SettingsView.swift; sourceTree = "<group>"; };
		69F038C1101F3228D2C607FB /* DashboardView.swift */ = {isa = PBXFileReference; lastKnownFileType = sourcecode.swift; path = DashboardView.swift; sourceTree = "<group>"; };
		6E8DE8808B732D4745FB73B9 /* OpenAIUsageAdapter.swift */ = {isa = PBXFileReference; lastKnownFileType = sourcecode.swift; path = OpenAIUsageAdapter.swift; sourceTree = "<group>"; };
		7AE00A3814E6334E70168A6B /* DataQualityBadge.swift */ = {isa = PBXFileReference; lastKnownFileType = sourcecode.swift; path = DataQualityBadge.swift; sourceTree = "<group>"; };
		7B39FBF9301271154CF363EE /* Info.plist */ = {isa = PBXFileReference; lastKnownFileType = text.plist; path = Info.plist; sourceTree = "<group>"; };
		7E78F87ED03A83F2D193EF8B /* AppSettingsStore.swift */ = {isa = PBXFileReference; lastKnownFileType = sourcecode.swift; path = AppSettingsStore.swift; sourceTree = "<group>"; };
		89EEFE279720CAF7CA13AEB0 /* KeychainStoreTests.swift */ = {isa = PBXFileReference; lastKnownFileType = sourcecode.swift; path = KeychainStoreTests.swift; sourceTree = "<group>"; };
		8C7EFBFB9C39E2FB8C3A9072 /* GlyphlineTests.xctest */ = {isa = PBXFileReference; explicitFileType = wrapper.cfbundle; includeInIndex = 0; path = GlyphlineTests.xctest; sourceTree = BUILT_PRODUCTS_DIR; };
		979B2CFA8C52D4A2693A102A /* Migrations.swift */ = {isa = PBXFileReference; lastKnownFileType = sourcecode.swift; path = Migrations.swift; sourceTree = "<group>"; };
		A63DE4BE6B1E5DD6EBDEC233 /* AddAccountView.swift */ = {isa = PBXFileReference; lastKnownFileType = sourcecode.swift; path = AddAccountView.swift; sourceTree = "<group>"; };
		A9430FC958CF84944A796120 /* DatabaseQueueFactory.swift */ = {isa = PBXFileReference; lastKnownFileType = sourcecode.swift; path = DatabaseQueueFactory.swift; sourceTree = "<group>"; };
		AF10D82C0BBAB350C0D404AB /* GlyphlineApp.swift */ = {isa = PBXFileReference; lastKnownFileType = sourcecode.swift; path = GlyphlineApp.swift; sourceTree = "<group>"; };
		B258111FCCAE74A8FC95B9FF /* CostEstimator.swift */ = {isa = PBXFileReference; lastKnownFileType = sourcecode.swift; path = CostEstimator.swift; sourceTree = "<group>"; };
		B5287B8477F8EF75ABA938B2 /* SnapshotSummaryTests.swift */ = {isa = PBXFileReference; lastKnownFileType = sourcecode.swift; path = SnapshotSummaryTests.swift; sourceTree = "<group>"; };
		BA3B73CA5CAB2E184CE9154D /* KeychainStore.swift */ = {isa = PBXFileReference; lastKnownFileType = sourcecode.swift; path = KeychainStore.swift; sourceTree = "<group>"; };
		BB4A7EC82D5A0FF89DFAD496 /* ClaudeUsageAdapterTests.swift */ = {isa = PBXFileReference; lastKnownFileType = sourcecode.swift; path = ClaudeUsageAdapterTests.swift; sourceTree = "<group>"; };
		BB947F271F18142FE2CD64DB /* MenuBarView.swift */ = {isa = PBXFileReference; lastKnownFileType = sourcecode.swift; path = MenuBarView.swift; sourceTree = "<group>"; };
		BD5F66FB95D8BBD93EFCBE00 /* AppSettingsStoreTests.swift */ = {isa = PBXFileReference; lastKnownFileType = sourcecode.swift; path = AppSettingsStoreTests.swift; sourceTree = "<group>"; };
		BE8DBF95730F8FD235AFAC47 /* UsageModels.swift */ = {isa = PBXFileReference; lastKnownFileType = sourcecode.swift; path = UsageModels.swift; sourceTree = "<group>"; };
		C1291754346ED094133AE0E6 /* pricing-v1.json */ = {isa = PBXFileReference; lastKnownFileType = text.json; path = "pricing-v1.json"; sourceTree = "<group>"; };
		C69732493AABC7109EB74F3F /* ProviderID.swift */ = {isa = PBXFileReference; lastKnownFileType = sourcecode.swift; path = ProviderID.swift; sourceTree = "<group>"; };
		C6BA50B54580BB6EDF13DF33 /* ProviderAdapter.swift */ = {isa = PBXFileReference; lastKnownFileType = sourcecode.swift; path = ProviderAdapter.swift; sourceTree = "<group>"; };
		CF478BE00C2540E5A49D1E46 /* SyncSchedulerTests.swift */ = {isa = PBXFileReference; lastKnownFileType = sourcecode.swift; path = SyncSchedulerTests.swift; sourceTree = "<group>"; };
		D10078AD9B1875C460A90C37 /* CostEstimatorTests.swift */ = {isa = PBXFileReference; lastKnownFileType = sourcecode.swift; path = CostEstimatorTests.swift; sourceTree = "<group>"; };
		D461F567F4AC93CAD78D6410 /* Account.swift */ = {isa = PBXFileReference; lastKnownFileType = sourcecode.swift; path = Account.swift; sourceTree = "<group>"; };
		D4FD0B8F6937F8D5E989AF9C /* HistoryView.swift */ = {isa = PBXFileReference; lastKnownFileType = sourcecode.swift; path = HistoryView.swift; sourceTree = "<group>"; };
		E04A9E41666FF246015BB1AE /* AccountSyncStateTests.swift */ = {isa = PBXFileReference; lastKnownFileType = sourcecode.swift; path = AccountSyncStateTests.swift; sourceTree = "<group>"; };
		E2ACCDCE077861E9661ECBFF /* LedgerStoreFactory.swift */ = {isa = PBXFileReference; lastKnownFileType = sourcecode.swift; path = LedgerStoreFactory.swift; sourceTree = "<group>"; };
		F06FF5203E4C15863CAB3EE3 /* AccountsView.swift */ = {isa = PBXFileReference; lastKnownFileType = sourcecode.swift; path = AccountsView.swift; sourceTree = "<group>"; };
		F55EFBB4240EAC3D099E29A3 /* OpenAIUsageDTOs.swift */ = {isa = PBXFileReference; lastKnownFileType = sourcecode.swift; path = OpenAIUsageDTOs.swift; sourceTree = "<group>"; };
		F92E1F1D1168A5B8A662B28F /* CursorUsageAdapter.swift */ = {isa = PBXFileReference; lastKnownFileType = sourcecode.swift; path = CursorUsageAdapter.swift; sourceTree = "<group>"; };
		FA3C1D8E770A657CE4E29EF0 /* LedgerStoreTests.swift */ = {isa = PBXFileReference; lastKnownFileType = sourcecode.swift; path = LedgerStoreTests.swift; sourceTree = "<group>"; };
/* End PBXFileReference section */

/* Begin PBXFrameworksBuildPhase section */
		7EE267B68A192C31885642F4 /* Frameworks */ = {
			isa = PBXFrameworksBuildPhase;
			buildActionMask = 2147483647;
			files = (
				2DF42C50602C384C26283736 /* GRDB in Frameworks */,
			);
			runOnlyForDeploymentPostprocessing = 0;
		};
/* End PBXFrameworksBuildPhase section */

/* Begin PBXGroup section */
		08B9C25251423093B49F7CA2 /* Fixtures */ = {
			isa = PBXGroup;
			children = (
				3E4A6EC8C6579850C8C770C5 /* FixtureProviderAdapter.swift */,
			);
			path = Fixtures;
			sourceTree = "<group>";
		};
		0DE934E9A5F8D53B15E8D49D /* History */ = {
			isa = PBXGroup;
			children = (
				D4FD0B8F6937F8D5E989AF9C /* HistoryView.swift */,
			);
			path = History;
			sourceTree = "<group>";
		};
		335EEF2FA3EA6D6E5F921492 /* Models */ = {
			isa = PBXGroup;
			children = (
				D461F567F4AC93CAD78D6410 /* Account.swift */,
				675ADA919D8753AAAEFAB44F /* MoneyAmount.swift */,
				C69732493AABC7109EB74F3F /* ProviderID.swift */,
				BE8DBF95730F8FD235AFAC47 /* UsageModels.swift */,
			);
			path = Models;
			sourceTree = "<group>";
		};
		446777FFD7CAA970CB7479AC /* Glyphline */ = {
			isa = PBXGroup;
			children = (
				AF10D82C0BBAB350C0D404AB /* GlyphlineApp.swift */,
				7B39FBF9301271154CF363EE /* Info.plist */,
				882DE433E3DD2C70B4CD6E0A /* App */,
				BADB60B468F1FBD0DA29327C /* Credentials */,
				E5E9B6E9F94115F5FF5131D5 /* Ledger */,
				335EEF2FA3EA6D6E5F921492 /* Models */,
				77E23283691887695B872732 /* Pricing */,
				6DBA14BDF0D070950EE31645 /* Providers */,
				9AF583FA1B0FD9CFA34B4D49 /* Resources */,
				60AFB1DA83F71C671F9F5BE5 /* Sync */,
				4E5460F43DB545B2D4750940 /* UI */,
			);
			path = Glyphline;
			sourceTree = "<group>";
		};
		4E5460F43DB545B2D4750940 /* UI */ = {
			isa = PBXGroup;
			children = (
				65C301199FDCC9595DC906A9 /* AccountSummaryFormatting.swift */,
				7AE00A3814E6334E70168A6B /* DataQualityBadge.swift */,
				5753188AA94D0628F3679A13 /* Accounts */,
				8458A42F1F06D2B392B0FC4F /* Dashboard */,
				0DE934E9A5F8D53B15E8D49D /* History */,
				F1B2F67B911241E4BFE4CFEB /* MenuBar */,
				9F6DE687DF84CC3578391EEA /* Settings */,
			);
			path = UI;
			sourceTree = "<group>";
		};
		5753188AA94D0628F3679A13 /* Accounts */ = {
			isa = PBXGroup;
			children = (
				F06FF5203E4C15863CAB3EE3 /* AccountsView.swift */,
				A63DE4BE6B1E5DD6EBDEC233 /* AddAccountView.swift */,
			);
			path = Accounts;
			sourceTree = "<group>";
		};
		60AFB1DA83F71C671F9F5BE5 /* Sync */ = {
			isa = PBXGroup;
			children = (
				041B91F7984C6D847ABF7C01 /* SyncScheduler.swift */,
			);
			path = Sync;
			sourceTree = "<group>";
		};
		6DBA14BDF0D070950EE31645 /* Providers */ = {
			isa = PBXGroup;
			children = (
				C6BA50B54580BB6EDF13DF33 /* ProviderAdapter.swift */,
				DD3F0B9591EAE5831285A5C5 /* Claude */,
				C035865E517D6EDF5844CF19 /* Cursor */,
				08B9C25251423093B49F7CA2 /* Fixtures */,
				D368889F494B0013D0261CF9 /* OpenAI */,
			);
			path = Providers;
			sourceTree = "<group>";
		};
		77E23283691887695B872732 /* Pricing */ = {
			isa = PBXGroup;
			children = (
				B258111FCCAE74A8FC95B9FF /* CostEstimator.swift */,
				2D596EC370B13AA593C32D79 /* PricingCatalog.swift */,
			);
			path = Pricing;
			sourceTree = "<group>";
		};
		82636854C35E5C5CD4E44549 /* GlyphlineTests */ = {
			isa = PBXGroup;
			children = (
				E04A9E41666FF246015BB1AE /* AccountSyncStateTests.swift */,
				347CEC22ED71F6DCC815DB03 /* AppModeTests.swift */,
				BD5F66FB95D8BBD93EFCBE00 /* AppSettingsStoreTests.swift */,
				BB4A7EC82D5A0FF89DFAD496 /* ClaudeUsageAdapterTests.swift */,
				D10078AD9B1875C460A90C37 /* CostEstimatorTests.swift */,
				0D8AAD8E1773BDD67C9C462A /* CursorUsageAdapterTests.swift */,
				412F5489EA0C8B4EE160128C /* GlyphlineSmokeTests.swift */,
				89EEFE279720CAF7CA13AEB0 /* KeychainStoreTests.swift */,
				FA3C1D8E770A657CE4E29EF0 /* LedgerStoreTests.swift */,
				38CEA8D84FAB5879F7C9B70E /* MigrationTests.swift */,
				55BA8694018F37636CBB9BF7 /* MoneyAmountTests.swift */,
				16E33CDE8ED6B06736C4DD65 /* OpenAIUsageAdapterTests.swift */,
				38E16DBA6601CED2ABB83448 /* ProviderAdapterTests.swift */,
				B5287B8477F8EF75ABA938B2 /* SnapshotSummaryTests.swift */,
				CF478BE00C2540E5A49D1E46 /* SyncSchedulerTests.swift */,
				6038A4E395A2847039481F0D /* UsageModelsTests.swift */,
				95CD64829F4A19BE7CB0CACB /* Fixtures */,
			);
			path = GlyphlineTests;
			sourceTree = "<group>";
		};
		8458A42F1F06D2B392B0FC4F /* Dashboard */ = {
			isa = PBXGroup;
			children = (
				69F038C1101F3228D2C607FB /* DashboardView.swift */,
			);
			path = Dashboard;
			sourceTree = "<group>";
		};
		882DE433E3DD2C70B4CD6E0A /* App */ = {
			isa = PBXGroup;
			children = (
				64891BE57A59E15EEFF1CD5F /* AppActivationController.swift */,
				12E48ACC872A23A3B329B354 /* AppMode.swift */,
				7E78F87ED03A83F2D193EF8B /* AppSettingsStore.swift */,
			);
			path = App;
			sourceTree = "<group>";
		};
		95CD64829F4A19BE7CB0CACB /* Fixtures */ = {
			isa = PBXGroup;
			children = (
				22E542C9EA7C75092240822A /* openai-costs.json */,
				5F8C45A35D6CA259D7E4F57E /* openai-usage.json */,
			);
			path = Fixtures;
			sourceTree = "<group>";
		};
		9AF583FA1B0FD9CFA34B4D49 /* Resources */ = {
			isa = PBXGroup;
			children = (
				3B1D47E3EFDB4A47186A23AF /* .gitkeep */,
				C1291754346ED094133AE0E6 /* pricing-v1.json */,
			);
			path = Resources;
			sourceTree = "<group>";
		};
		9F6DE687DF84CC3578391EEA /* Settings */ = {
			isa = PBXGroup;
			children = (
				68867B1F76ECF4DE1E6FA098 /* SettingsView.swift */,
			);
			path = Settings;
			sourceTree = "<group>";
		};
		A158D1E3705ED0DEAF67B509 = {
			isa = PBXGroup;
			children = (
				446777FFD7CAA970CB7479AC /* Glyphline */,
				82636854C35E5C5CD4E44549 /* GlyphlineTests */,
				A9CC8BD0882A481B4570CC94 /* Products */,
			);
			sourceTree = "<group>";
		};
		A9CC8BD0882A481B4570CC94 /* Products */ = {
			isa = PBXGroup;
			children = (
				5925F83C461A2E9765557F05 /* Glyphline.app */,
				8C7EFBFB9C39E2FB8C3A9072 /* GlyphlineTests.xctest */,
			);
			name = Products;
			sourceTree = "<group>";
		};
		BADB60B468F1FBD0DA29327C /* Credentials */ = {
			isa = PBXGroup;
			children = (
				BA3B73CA5CAB2E184CE9154D /* KeychainStore.swift */,
			);
			path = Credentials;
			sourceTree = "<group>";
		};
		C035865E517D6EDF5844CF19 /* Cursor */ = {
			isa = PBXGroup;
			children = (
				F92E1F1D1168A5B8A662B28F /* CursorUsageAdapter.swift */,
			);
			path = Cursor;
			sourceTree = "<group>";
		};
		D368889F494B0013D0261CF9 /* OpenAI */ = {
			isa = PBXGroup;
			children = (
				6E8DE8808B732D4745FB73B9 /* OpenAIUsageAdapter.swift */,
				F55EFBB4240EAC3D099E29A3 /* OpenAIUsageDTOs.swift */,
			);
			path = OpenAI;
			sourceTree = "<group>";
		};
		DD3F0B9591EAE5831285A5C5 /* Claude */ = {
			isa = PBXGroup;
			children = (
				0D3611646607A35E26BFEE51 /* ClaudeUsageAdapter.swift */,
			);
			path = Claude;
			sourceTree = "<group>";
		};
		E5E9B6E9F94115F5FF5131D5 /* Ledger */ = {
			isa = PBXGroup;
			children = (
				A9430FC958CF84944A796120 /* DatabaseQueueFactory.swift */,
				461DE0E81EA86DEF3F3E1A47 /* LedgerStore.swift */,
				E2ACCDCE077861E9661ECBFF /* LedgerStoreFactory.swift */,
				979B2CFA8C52D4A2693A102A /* Migrations.swift */,
			);
			path = Ledger;
			sourceTree = "<group>";
		};
		F1B2F67B911241E4BFE4CFEB /* MenuBar */ = {
			isa = PBXGroup;
			children = (
				BB947F271F18142FE2CD64DB /* MenuBarView.swift */,
			);
			path = MenuBar;
			sourceTree = "<group>";
		};
/* End PBXGroup section */

/* Begin PBXNativeTarget section */
		111A2208B4BB7CCE3CC335B7 /* GlyphlineTests */ = {
			isa = PBXNativeTarget;
			buildConfigurationList = 8F43F0F3ECAD68FD0FFC8DBC /* Build configuration list for PBXNativeTarget "GlyphlineTests" */;
			buildPhases = (
				5D9122E048D93A646AE1BC6D /* Sources */,
				99FDC210B509FA4DEE9D32D3 /* Copy pricing catalog into test bundle */,
				67028E09BA1C9E1D034C26B9 /* Resources */,
			);
			buildRules = (
			);
			dependencies = (
				D91713734A1D602477068688 /* PBXTargetDependency */,
			);
			name = GlyphlineTests;
			packageProductDependencies = (
			);
			productName = GlyphlineTests;
			productReference = 8C7EFBFB9C39E2FB8C3A9072 /* GlyphlineTests.xctest */;
			productType = "com.apple.product-type.bundle.unit-test";
		};
		E61E4F4E6C3927C0F5FC0C74 /* Glyphline */ = {
			isa = PBXNativeTarget;
			buildConfigurationList = 7ECA3EDDF904907CFD8A0E7F /* Build configuration list for PBXNativeTarget "Glyphline" */;
			buildPhases = (
				8B934CFA14F28837BF39AA69 /* Sources */,
				8CABBA24606F0019D549A115 /* Resources */,
				7EE267B68A192C31885642F4 /* Frameworks */,
			);
			buildRules = (
			);
			dependencies = (
			);
			name = Glyphline;
			packageProductDependencies = (
				C1D17CF7506CDB47E08BD82A /* GRDB */,
			);
			productName = Glyphline;
			productReference = 5925F83C461A2E9765557F05 /* Glyphline.app */;
			productType = "com.apple.product-type.application";
		};
/* End PBXNativeTarget section */

/* Begin PBXProject section */
		9BAB3BFDF8B40359C788F3EC /* Project object */ = {
			isa = PBXProject;
			attributes = {
				BuildIndependentTargetsInParallel = YES;
				LastUpgradeCheck = 1430;
				TargetAttributes = {
					E61E4F4E6C3927C0F5FC0C74 = {
						ProvisioningStyle = Automatic;
					};
				};
			};
			buildConfigurationList = 3D1D28D4A0AC405605CC1CDB /* Build configuration list for PBXProject "Glyphline" */;
			developmentRegion = en;
			hasScannedForEncodings = 0;
			knownRegions = (
				Base,
				en,
			);
			mainGroup = A158D1E3705ED0DEAF67B509;
			minimizedProjectReferenceProxies = 1;
			packageReferences = (
				9894883FBBDB05A3DDFAA240 /* XCRemoteSwiftPackageReference "GRDB.swift" */,
			);
			preferredProjectObjectVersion = 77;
			productRefGroup = A9CC8BD0882A481B4570CC94 /* Products */;
			projectDirPath = "";
			projectRoot = "";
			targets = (
				E61E4F4E6C3927C0F5FC0C74 /* Glyphline */,
				111A2208B4BB7CCE3CC335B7 /* GlyphlineTests */,
			);
		};
/* End PBXProject section */

/* Begin PBXResourcesBuildPhase section */
		67028E09BA1C9E1D034C26B9 /* Resources */ = {
			isa = PBXResourcesBuildPhase;
			buildActionMask = 2147483647;
			files = (
				6DCD55D33D666FD9D4402F89 /* openai-costs.json in Resources */,
				94436C6F24A2177D2143A0AA /* openai-usage.json in Resources */,
			);
			runOnlyForDeploymentPostprocessing = 0;
		};
		8CABBA24606F0019D549A115 /* Resources */ = {
			isa = PBXResourcesBuildPhase;
			buildActionMask = 2147483647;
			files = (
				F1C14BF4C9F663FD03819DAA /* pricing-v1.json in Resources */,
			);
			runOnlyForDeploymentPostprocessing = 0;
		};
/* End PBXResourcesBuildPhase section */

/* Begin PBXShellScriptBuildPhase section */
		99FDC210B509FA4DEE9D32D3 /* Copy pricing catalog into test bundle */ = {
			isa = PBXShellScriptBuildPhase;
			buildActionMask = 2147483647;
			files = (
			);
			inputFileListPaths = (
			);
			inputPaths = (
				"$(SRCROOT)/Glyphline/Resources/pricing-v1.json",
			);
			name = "Copy pricing catalog into test bundle";
			outputFileListPaths = (
			);
			outputPaths = (
				"$(TARGET_BUILD_DIR)/$(UNLOCALIZED_RESOURCES_FOLDER_PATH)/pricing-v1.json",
			);
			runOnlyForDeploymentPostprocessing = 0;
			shellPath = /bin/sh;
			shellScript = "set -euo pipefail\nmkdir -p \"${TARGET_BUILD_DIR}/${UNLOCALIZED_RESOURCES_FOLDER_PATH}\"\ncp \"${SRCROOT}/Glyphline/Resources/pricing-v1.json\" \\\n  \"${TARGET_BUILD_DIR}/${UNLOCALIZED_RESOURCES_FOLDER_PATH}/pricing-v1.json\"\n";
		};
/* End PBXShellScriptBuildPhase section */

/* Begin PBXSourcesBuildPhase section */
		5D9122E048D93A646AE1BC6D /* Sources */ = {
			isa = PBXSourcesBuildPhase;
			buildActionMask = 2147483647;
			files = (
				2466E6A178B38615D36C1133 /* AccountSyncStateTests.swift in Sources */,
				1F057127236C7C74BCADB639 /* AppModeTests.swift in Sources */,
				29DAC97DF9CC2CB3A0D01784 /* AppSettingsStoreTests.swift in Sources */,
				1E46A6F4CEAD273122B13271 /* ClaudeUsageAdapterTests.swift in Sources */,
				59022EBC301F5B43468F886F /* CostEstimatorTests.swift in Sources */,
				D6E6B247A10DCFB995E7450F /* CursorUsageAdapterTests.swift in Sources */,
				68A1F885C4A8FF2F2D947648 /* GlyphlineSmokeTests.swift in Sources */,
				6F6854805AD8B45E9AB095BA /* KeychainStoreTests.swift in Sources */,
				94709AE6F65A1DC6E85EADAE /* LedgerStoreTests.swift in Sources */,
				FE115011C319F621E5E47A5E /* MigrationTests.swift in Sources */,
				E9F07FC2418C6707018C3666 /* MoneyAmountTests.swift in Sources */,
				3E0FE6E63DFF70DBC85F8172 /* OpenAIUsageAdapterTests.swift in Sources */,
				65EBE11665000DCF8EDA16D7 /* ProviderAdapterTests.swift in Sources */,
				AC776B32695D0B125B30B305 /* SnapshotSummaryTests.swift in Sources */,
				00087DA33D2058EA9A73DDD6 /* SyncSchedulerTests.swift in Sources */,
				B8B5DF46E5F52175C3B0C9F8 /* UsageModelsTests.swift in Sources */,
			);
			runOnlyForDeploymentPostprocessing = 0;
		};
		8B934CFA14F28837BF39AA69 /* Sources */ = {
			isa = PBXSourcesBuildPhase;
			buildActionMask = 2147483647;
			files = (
				9FEB70E4EF62958B3969ABFF /* Account.swift in Sources */,
				50DE389F4361F81A9F3BBAE6 /* AccountSummaryFormatting.swift in Sources */,
				4A2D3A3FE1C0266B2765FD0F /* AccountsView.swift in Sources */,
				B838F331BD89C2B524410914 /* AddAccountView.swift in Sources */,
				37CFE0A06075136004EBA62F /* AppActivationController.swift in Sources */,
				BE2B9EEEA941F5F4FDD5FDEA /* AppMode.swift in Sources */,
				2BDACE3AAE0A202FCB9520BC /* AppSettingsStore.swift in Sources */,
				BDB7FA3AC93ED473C9C2E92D /* ClaudeUsageAdapter.swift in Sources */,
				EE496A4425EF2D3826391753 /* CostEstimator.swift in Sources */,
				373696DD1AD3D4D19DAF6605 /* CursorUsageAdapter.swift in Sources */,
				AEE77B35497B4D068C0E2FA5 /* DashboardView.swift in Sources */,
				C088F3B6FD54977DC360F61D /* DataQualityBadge.swift in Sources */,
				02E55AFA00BD9CCB7061CBD2 /* DatabaseQueueFactory.swift in Sources */,
				8B403A4B3B94ED8DAA65426D /* FixtureProviderAdapter.swift in Sources */,
				6D737C47EC2A7E6325625A55 /* GlyphlineApp.swift in Sources */,
				0B7A1E6883B9421F947F5D5A /* HistoryView.swift in Sources */,
				A578DC0E93318FDA5872EA0B /* KeychainStore.swift in Sources */,
				B85CA610DA5E8BBC7879D1CD /* LedgerStore.swift in Sources */,
				CAE25CBB5FB46C3D44E6BD64 /* LedgerStoreFactory.swift in Sources */,
				2A7289DD211158D42C26C9DE /* MenuBarView.swift in Sources */,
				81A31CCE7A84A8263856A8DC /* Migrations.swift in Sources */,
				1D1137DB62EEA16A172F4F1D /* MoneyAmount.swift in Sources */,
				9682FBE1BC37960675E230A5 /* OpenAIUsageAdapter.swift in Sources */,
				E3ADEBC94C92A0EC346D4FDF /* OpenAIUsageDTOs.swift in Sources */,
				28C11321FB7E815ECD239AE1 /* PricingCatalog.swift in Sources */,
				DD65CBEE767BCD073129FC0C /* ProviderAdapter.swift in Sources */,
				42DA56777FC9BBAD2671DB97 /* ProviderID.swift in Sources */,
				C188981DAC4E75CE72DC3B58 /* SettingsView.swift in Sources */,
				4EFD26931B1A1F653945E8CA /* SyncScheduler.swift in Sources */,
				D8B77926E2F0A8CA8B0916E2 /* UsageModels.swift in Sources */,
			);
			runOnlyForDeploymentPostprocessing = 0;
		};
/* End PBXSourcesBuildPhase section */

/* Begin PBXTargetDependency section */
		D91713734A1D602477068688 /* PBXTargetDependency */ = {
			isa = PBXTargetDependency;
			target = E61E4F4E6C3927C0F5FC0C74 /* Glyphline */;
			targetProxy = 68FDA82D04ED14A5048198A7 /* PBXContainerItemProxy */;
		};
/* End PBXTargetDependency section */

/* Begin XCBuildConfiguration section */
		0DAB31093AB0C6F6198F9743 /* Release */ = {
			isa = XCBuildConfiguration;
			buildSettings = {
				ASSETCATALOG_COMPILER_APPICON_NAME = AppIcon;
				CODE_SIGN_STYLE = Automatic;
				COMBINE_HIDPI_IMAGES = YES;
				INFOPLIST_FILE = Glyphline/Info.plist;
				LD_RUNPATH_SEARCH_PATHS = (
					"$(inherited)",
					"@executable_path/../Frameworks",
				);
				MACOSX_DEPLOYMENT_TARGET = 14.0;
				PRODUCT_BUNDLE_IDENTIFIER = com.marcoscheffler.glyphline;
				SDKROOT = macosx;
				SWIFT_VERSION = 6.0;
			};
			name = Release;
		};
		50DE71EF432737F7B6845E6F /* Debug */ = {
			isa = XCBuildConfiguration;
			buildSettings = {
				ALWAYS_SEARCH_USER_PATHS = NO;
				CLANG_ANALYZER_NONNULL = YES;
				CLANG_ANALYZER_NUMBER_OBJECT_CONVERSION = YES_AGGRESSIVE;
				CLANG_CXX_LANGUAGE_STANDARD = "gnu++14";
				CLANG_CXX_LIBRARY = "libc++";
				CLANG_ENABLE_MODULES = YES;
				CLANG_ENABLE_OBJC_ARC = YES;
				CLANG_ENABLE_OBJC_WEAK = YES;
				CLANG_WARN_BLOCK_CAPTURE_AUTORELEASING = YES;
				CLANG_WARN_BOOL_CONVERSION = YES;
				CLANG_WARN_COMMA = YES;
				CLANG_WARN_CONSTANT_CONVERSION = YES;
				CLANG_WARN_DEPRECATED_OBJC_IMPLEMENTATIONS = YES;
				CLANG_WARN_DIRECT_OBJC_ISA_USAGE = YES_ERROR;
				CLANG_WARN_DOCUMENTATION_COMMENTS = YES;
				CLANG_WARN_EMPTY_BODY = YES;
				CLANG_WARN_ENUM_CONVERSION = YES;
				CLANG_WARN_INFINITE_RECURSION = YES;
				CLANG_WARN_INT_CONVERSION = YES;
				CLANG_WARN_NON_LITERAL_NULL_CONVERSION = YES;
				CLANG_WARN_OBJC_IMPLICIT_RETAIN_SELF = YES;
				CLANG_WARN_OBJC_LITERAL_CONVERSION = YES;
				CLANG_WARN_OBJC_ROOT_CLASS = YES_ERROR;
				CLANG_WARN_QUOTED_INCLUDE_IN_FRAMEWORK_HEADER = YES;
				CLANG_WARN_RANGE_LOOP_ANALYSIS = YES;
				CLANG_WARN_STRICT_PROTOTYPES = YES;
				CLANG_WARN_SUSPICIOUS_MOVE = YES;
				CLANG_WARN_UNGUARDED_AVAILABILITY = YES_AGGRESSIVE;
				CLANG_WARN_UNREACHABLE_CODE = YES;
				CLANG_WARN__DUPLICATE_METHOD_MATCH = YES;
				COPY_PHASE_STRIP = NO;
				DEBUG_INFORMATION_FORMAT = dwarf;
				ENABLE_STRICT_OBJC_MSGSEND = YES;
				ENABLE_TESTABILITY = YES;
				GCC_C_LANGUAGE_STANDARD = gnu11;
				GCC_DYNAMIC_NO_PIC = NO;
				GCC_NO_COMMON_BLOCKS = YES;
				GCC_OPTIMIZATION_LEVEL = 0;
				GCC_PREPROCESSOR_DEFINITIONS = (
					"$(inherited)",
					"DEBUG=1",
				);
				GCC_WARN_64_TO_32_BIT_CONVERSION = YES;
				GCC_WARN_ABOUT_RETURN_TYPE = YES_ERROR;
				GCC_WARN_UNDECLARED_SELECTOR = YES;
				GCC_WARN_UNINITIALIZED_AUTOS = YES_AGGRESSIVE;
				GCC_WARN_UNUSED_FUNCTION = YES;
				GCC_WARN_UNUSED_VARIABLE = YES;
				MACOSX_DEPLOYMENT_TARGET = 14.0;
				MTL_ENABLE_DEBUG_INFO = INCLUDE_SOURCE;
				MTL_FAST_MATH = YES;
				ONLY_ACTIVE_ARCH = YES;
				PRODUCT_NAME = "$(TARGET_NAME)";
				SDKROOT = macosx;
				SWIFT_ACTIVE_COMPILATION_CONDITIONS = DEBUG;
				SWIFT_OPTIMIZATION_LEVEL = "-Onone";
				SWIFT_VERSION = 5.0;
			};
			name = Debug;
		};
		52CE44F2F59CE869B4506885 /* Debug */ = {
			isa = XCBuildConfiguration;
			buildSettings = {
				BUNDLE_LOADER = "$(TEST_HOST)";
				COMBINE_HIDPI_IMAGES = YES;
				GENERATE_INFOPLIST_FILE = YES;
				LD_RUNPATH_SEARCH_PATHS = (
					"$(inherited)",
					"@executable_path/../Frameworks",
					"@loader_path/../Frameworks",
				);
				MACOSX_DEPLOYMENT_TARGET = 14.0;
				SDKROOT = macosx;
				SWIFT_VERSION = 6.0;
				TEST_HOST = "$(BUILT_PRODUCTS_DIR)/Glyphline.app/Contents/MacOS/Glyphline";
			};
			name = Debug;
		};
		549CF248B85357A89FA4AF48 /* Debug */ = {
			isa = XCBuildConfiguration;
			buildSettings = {
				ASSETCATALOG_COMPILER_APPICON_NAME = AppIcon;
				CODE_SIGN_STYLE = Automatic;
				COMBINE_HIDPI_IMAGES = YES;
				INFOPLIST_FILE = Glyphline/Info.plist;
				LD_RUNPATH_SEARCH_PATHS = (
					"$(inherited)",
					"@executable_path/../Frameworks",
				);
				MACOSX_DEPLOYMENT_TARGET = 14.0;
				PRODUCT_BUNDLE_IDENTIFIER = com.marcoscheffler.glyphline;
				SDKROOT = macosx;
				SWIFT_VERSION = 6.0;
			};
			name = Debug;
		};
		6C1F91D4DC3B0CEA50A218D6 /* Release */ = {
			isa = XCBuildConfiguration;
			buildSettings = {
				BUNDLE_LOADER = "$(TEST_HOST)";
				COMBINE_HIDPI_IMAGES = YES;
				GENERATE_INFOPLIST_FILE = YES;
				LD_RUNPATH_SEARCH_PATHS = (
					"$(inherited)",
					"@executable_path/../Frameworks",
					"@loader_path/../Frameworks",
				);
				MACOSX_DEPLOYMENT_TARGET = 14.0;
				SDKROOT = macosx;
				SWIFT_VERSION = 6.0;
				TEST_HOST = "$(BUILT_PRODUCTS_DIR)/Glyphline.app/Contents/MacOS/Glyphline";
			};
			name = Release;
		};
		738E27D453B44C1C6A293C4E /* Release */ = {
			isa = XCBuildConfiguration;
			buildSettings = {
				ALWAYS_SEARCH_USER_PATHS = NO;
				CLANG_ANALYZER_NONNULL = YES;
				CLANG_ANALYZER_NUMBER_OBJECT_CONVERSION = YES_AGGRESSIVE;
				CLANG_CXX_LANGUAGE_STANDARD = "gnu++14";
				CLANG_CXX_LIBRARY = "libc++";
				CLANG_ENABLE_MODULES = YES;
				CLANG_ENABLE_OBJC_ARC = YES;
				CLANG_ENABLE_OBJC_WEAK = YES;
				CLANG_WARN_BLOCK_CAPTURE_AUTORELEASING = YES;
				CLANG_WARN_BOOL_CONVERSION = YES;
				CLANG_WARN_COMMA = YES;
				CLANG_WARN_CONSTANT_CONVERSION = YES;
				CLANG_WARN_DEPRECATED_OBJC_IMPLEMENTATIONS = YES;
				CLANG_WARN_DIRECT_OBJC_ISA_USAGE = YES_ERROR;
				CLANG_WARN_DOCUMENTATION_COMMENTS = YES;
				CLANG_WARN_EMPTY_BODY = YES;
				CLANG_WARN_ENUM_CONVERSION = YES;
				CLANG_WARN_INFINITE_RECURSION = YES;
				CLANG_WARN_INT_CONVERSION = YES;
				CLANG_WARN_NON_LITERAL_NULL_CONVERSION = YES;
				CLANG_WARN_OBJC_IMPLICIT_RETAIN_SELF = YES;
				CLANG_WARN_OBJC_LITERAL_CONVERSION = YES;
				CLANG_WARN_OBJC_ROOT_CLASS = YES_ERROR;
				CLANG_WARN_QUOTED_INCLUDE_IN_FRAMEWORK_HEADER = YES;
				CLANG_WARN_RANGE_LOOP_ANALYSIS = YES;
				CLANG_WARN_STRICT_PROTOTYPES = YES;
				CLANG_WARN_SUSPICIOUS_MOVE = YES;
				CLANG_WARN_UNGUARDED_AVAILABILITY = YES_AGGRESSIVE;
				CLANG_WARN_UNREACHABLE_CODE = YES;
				CLANG_WARN__DUPLICATE_METHOD_MATCH = YES;
				COPY_PHASE_STRIP = NO;
				DEBUG_INFORMATION_FORMAT = "dwarf-with-dsym";
				ENABLE_NS_ASSERTIONS = NO;
				ENABLE_STRICT_OBJC_MSGSEND = YES;
				GCC_C_LANGUAGE_STANDARD = gnu11;
				GCC_NO_COMMON_BLOCKS = YES;
				GCC_WARN_64_TO_32_BIT_CONVERSION = YES;
				GCC_WARN_ABOUT_RETURN_TYPE = YES_ERROR;
				GCC_WARN_UNDECLARED_SELECTOR = YES;
				GCC_WARN_UNINITIALIZED_AUTOS = YES_AGGRESSIVE;
				GCC_WARN_UNUSED_FUNCTION = YES;
				GCC_WARN_UNUSED_VARIABLE = YES;
				MACOSX_DEPLOYMENT_TARGET = 14.0;
				MTL_ENABLE_DEBUG_INFO = NO;
				MTL_FAST_MATH = YES;
				PRODUCT_NAME = "$(TARGET_NAME)";
				SDKROOT = macosx;
				SWIFT_COMPILATION_MODE = wholemodule;
				SWIFT_OPTIMIZATION_LEVEL = "-O";
				SWIFT_VERSION = 5.0;
			};
			name = Release;
		};
/* End XCBuildConfiguration section */

/* Begin XCConfigurationList section */
		3D1D28D4A0AC405605CC1CDB /* Build configuration list for PBXProject "Glyphline" */ = {
			isa = XCConfigurationList;
			buildConfigurations = (
				50DE71EF432737F7B6845E6F /* Debug */,
				738E27D453B44C1C6A293C4E /* Release */,
			);
			defaultConfigurationIsVisible = 0;
			defaultConfigurationName = Debug;
		};
		7ECA3EDDF904907CFD8A0E7F /* Build configuration list for PBXNativeTarget "Glyphline" */ = {
			isa = XCConfigurationList;
			buildConfigurations = (
				549CF248B85357A89FA4AF48 /* Debug */,
				0DAB31093AB0C6F6198F9743 /* Release */,
			);
			defaultConfigurationIsVisible = 0;
			defaultConfigurationName = Debug;
		};
		8F43F0F3ECAD68FD0FFC8DBC /* Build configuration list for PBXNativeTarget "GlyphlineTests" */ = {
			isa = XCConfigurationList;
			buildConfigurations = (
				52CE44F2F59CE869B4506885 /* Debug */,
				6C1F91D4DC3B0CEA50A218D6 /* Release */,
			);
			defaultConfigurationIsVisible = 0;
			defaultConfigurationName = Debug;
		};
/* End XCConfigurationList section */

/* Begin XCRemoteSwiftPackageReference section */
		9894883FBBDB05A3DDFAA240 /* XCRemoteSwiftPackageReference "GRDB.swift" */ = {
			isa = XCRemoteSwiftPackageReference;
			repositoryURL = "https://github.com/groue/GRDB.swift.git";
			requirement = {
				kind = upToNextMajorVersion;
				minimumVersion = 7.0.0;
			};
		};
/* End XCRemoteSwiftPackageReference section */

/* Begin XCSwiftPackageProductDependency section */
		C1D17CF7506CDB47E08BD82A /* GRDB */ = {
			isa = XCSwiftPackageProductDependency;
			package = 9894883FBBDB05A3DDFAA240 /* XCRemoteSwiftPackageReference "GRDB.swift" */;
			productName = GRDB;
		};
/* End XCSwiftPackageProductDependency section */
	};
	rootObject = 9BAB3BFDF8B40359C788F3EC /* Project object */;
}
