// !$*UTF8*$!
{
	archiveVersion = 1;
	classes = {
	};
	objectVersion = 77;
	objects = {

/* Begin PBXBuildFile section */
		017DFB509A44E6251A8B0684 /* AgentverseWindowTests.swift in Sources */ = {isa = PBXBuildFile; fileRef = A8753659B8C311D8F1103166 /* AgentverseWindowTests.swift */; };
		02E55AFA00BD9CCB7061CBD2 /* DatabaseQueueFactory.swift in Sources */ = {isa = PBXBuildFile; fileRef = A9430FC958CF84944A796120 /* DatabaseQueueFactory.swift */; };
		040125B0318A3CB8CF66A313 /* timezone-places.json in Resources */ = {isa = PBXBuildFile; fileRef = F7E41CF08357DEC111ECE205 /* timezone-places.json */; };
		05ADA18D2E958FB3A3558030 /* RateWindowSourceTests.swift in Sources */ = {isa = PBXBuildFile; fileRef = 11D41DE98E9E03A2433764CC /* RateWindowSourceTests.swift */; };
		05B13717448F689D010D286A /* ClaudeOrganizationsDTOsTests.swift in Sources */ = {isa = PBXBuildFile; fileRef = 8A44B6050C0E139657C97014 /* ClaudeOrganizationsDTOsTests.swift */; };
		074A23E34F366B500EF9F464 /* ClaudeTranscriptReader.swift in Sources */ = {isa = PBXBuildFile; fileRef = 8EB4CDCE71718F453A076C59 /* ClaudeTranscriptReader.swift */; };
		0909C91D5EE4CE808530935F /* ClaudeCodeLogReader.swift in Sources */ = {isa = PBXBuildFile; fileRef = 7B784EDCB98F4CFE937F3132 /* ClaudeCodeLogReader.swift */; };
		14D0B598D9BBA709C48BEED0 /* AgentSessionScanner.swift in Sources */ = {isa = PBXBuildFile; fileRef = AFA5A35ACBFF7C3C12DC8EB8 /* AgentSessionScanner.swift */; };
		15BF5AF96B128FB27308844A /* DatabaseQueueFactoryTests.swift in Sources */ = {isa = PBXBuildFile; fileRef = FF76F68273B2AD4088C657D5 /* DatabaseQueueFactoryTests.swift */; };
		16167AD4341FB1BA1C1D551E /* ClaudeWebPageLoader.swift in Sources */ = {isa = PBXBuildFile; fileRef = C15E082BDAB475C5EB9759CE /* ClaudeWebPageLoader.swift */; };
		17A602A14DA23148EB4494DC /* LocalUsageStatistics.swift in Sources */ = {isa = PBXBuildFile; fileRef = 297662193FBB25AD8305E87D /* LocalUsageStatistics.swift */; };
		18FAA7AC1EAAEBCD3D16EC0C /* AccountDeletionStoreTests.swift in Sources */ = {isa = PBXBuildFile; fileRef = 224A62075870B8FAF84E2274 /* AccountDeletionStoreTests.swift */; };
		1D1137DB62EEA16A172F4F1D /* MoneyAmount.swift in Sources */ = {isa = PBXBuildFile; fileRef = 675ADA919D8753AAAEFAB44F /* MoneyAmount.swift */; };
		1F057127236C7C74BCADB639 /* AppModeTests.swift in Sources */ = {isa = PBXBuildFile; fileRef = 347CEC22ED71F6DCC815DB03 /* AppModeTests.swift */; };
		23BFBC7149C0F420E8F4C6AE /* ClaudeWebResponseClassifierTests.swift in Sources */ = {isa = PBXBuildFile; fileRef = 28A51A602B459C74D5B7B379 /* ClaudeWebResponseClassifierTests.swift */; };
		2476C4431D917C70FF6241F3 /* ClaudeWebSessionStoreTests.swift in Sources */ = {isa = PBXBuildFile; fileRef = CAB6B58FFD4950C915812BC0 /* ClaudeWebSessionStoreTests.swift */; };
		28C11321FB7E815ECD239AE1 /* PricingCatalog.swift in Sources */ = {isa = PBXBuildFile; fileRef = 2D596EC370B13AA593C32D79 /* PricingCatalog.swift */; };
		29DAC97DF9CC2CB3A0D01784 /* AppSettingsStoreTests.swift in Sources */ = {isa = PBXBuildFile; fileRef = BD5F66FB95D8BBD93EFCBE00 /* AppSettingsStoreTests.swift */; };
		2A7289DD211158D42C26C9DE /* MenuBarView.swift in Sources */ = {isa = PBXBuildFile; fileRef = BB947F271F18142FE2CD64DB /* MenuBarView.swift */; };
		2BDACE3AAE0A202FCB9520BC /* AppSettingsStore.swift in Sources */ = {isa = PBXBuildFile; fileRef = 7E78F87ED03A83F2D193EF8B /* AppSettingsStore.swift */; };
		2DF42C50602C384C26283736 /* GRDB in Frameworks */ = {isa = PBXBuildFile; productRef = C1D17CF7506CDB47E08BD82A /* GRDB */; };
		2F9FA3A87CCE4D32C5E562FB /* SceneLight.swift in Sources */ = {isa = PBXBuildFile; fileRef = 590AB7BB7B2B0704E4EF7C23 /* SceneLight.swift */; };
		314BE108752F760302660DC4 /* AccountSummaryFormattingTests.swift in Sources */ = {isa = PBXBuildFile; fileRef = 849077EF726D5E3F756B4805 /* AccountSummaryFormattingTests.swift */; };
		315AA4ACC25D2F08B4DA83CA /* LocalTokenUsageStoreTests.swift in Sources */ = {isa = PBXBuildFile; fileRef = 2D061EE64EFE518EB86B8570 /* LocalTokenUsageStoreTests.swift */; };
		36548FF69B18205F3FA28F1D /* AgentSession.swift in Sources */ = {isa = PBXBuildFile; fileRef = 25763F9DE4C82450A3834BDC /* AgentSession.swift */; };
		37CFE0A06075136004EBA62F /* AppActivationController.swift in Sources */ = {isa = PBXBuildFile; fileRef = 64891BE57A59E15EEFF1CD5F /* AppActivationController.swift */; };
		380A032B21975B0786C28EB0 /* QuotaBarRowView.swift in Sources */ = {isa = PBXBuildFile; fileRef = CBDCA09F2919D27BE31E10C4 /* QuotaBarRowView.swift */; };
		383C6EC1087E7FC1D05F6919 /* SyncCoordinatorLocalUsageTests.swift in Sources */ = {isa = PBXBuildFile; fileRef = AB71829869D2BDC5C53A536A /* SyncCoordinatorLocalUsageTests.swift */; };
		3B32AAF07D8E919F7FEC6852 /* QuotaIndicator.swift in Sources */ = {isa = PBXBuildFile; fileRef = B520B6C053C48D490AB06E62 /* QuotaIndicator.swift */; };
		4116A5BE773935FFD1910B9F /* QuotaNotifier.swift in Sources */ = {isa = PBXBuildFile; fileRef = B16B2551C7AF4DA8A614935E /* QuotaNotifier.swift */; };
		42DA56777FC9BBAD2671DB97 /* ProviderID.swift in Sources */ = {isa = PBXBuildFile; fileRef = C69732493AABC7109EB74F3F /* ProviderID.swift */; };
		4580994BD2175DB995365DF5 /* ClaudeTranscriptReaderTests.swift in Sources */ = {isa = PBXBuildFile; fileRef = 4FF23487330689CD09F72F59 /* ClaudeTranscriptReaderTests.swift */; };
		47DFD6941E6389FBFA591FDA /* QuotaIndicatorTests.swift in Sources */ = {isa = PBXBuildFile; fileRef = B966305CF54AAA51888A2FC0 /* QuotaIndicatorTests.swift */; };
		4A04C9AD097C14F72D139441 /* DeleteAccountFlow.swift in Sources */ = {isa = PBXBuildFile; fileRef = ACD9B71050B5FCC82923CDC9 /* DeleteAccountFlow.swift */; };
		4A2D3A3FE1C0266B2765FD0F /* AccountsView.swift in Sources */ = {isa = PBXBuildFile; fileRef = F06FF5203E4C15863CAB3EE3 /* AccountsView.swift */; };
		4B7EBD39F79A2025162639DB /* ClaudeUsageQuotaDTOs.swift in Sources */ = {isa = PBXBuildFile; fileRef = D968A135D66AE439311BECFE /* ClaudeUsageQuotaDTOs.swift */; };
		4B96E1ED4A37D89F3DB7A844 /* ProviderAdapterRegistry.swift in Sources */ = {isa = PBXBuildFile; fileRef = 1A12C10E9B329DC6D4E86D94 /* ProviderAdapterRegistry.swift */; };
		50DE389F4361F81A9F3BBAE6 /* AccountSummaryFormatting.swift in Sources */ = {isa = PBXBuildFile; fileRef = 65C301199FDCC9595DC906A9 /* AccountSummaryFormatting.swift */; };
		54B04C19F46485890B8DC28B /* AgentSessionScannerTests.swift in Sources */ = {isa = PBXBuildFile; fileRef = 9BD3C2C540C231D67EC5F063 /* AgentSessionScannerTests.swift */; };
		56B7FB0376CEC3F26127F083 /* AccountCredentialReference.swift in Sources */ = {isa = PBXBuildFile; fileRef = 54DF3B50A77102C6E68EAC4C /* AccountCredentialReference.swift */; };
		59022EBC301F5B43468F886F /* CostEstimatorTests.swift in Sources */ = {isa = PBXBuildFile; fileRef = D10078AD9B1875C460A90C37 /* CostEstimatorTests.swift */; };
		5B80D237FF5A7B0A61F4AFCA /* UserPlace.swift in Sources */ = {isa = PBXBuildFile; fileRef = 3B3D3ECA1152729E0516F4B8 /* UserPlace.swift */; };
		5D6CC45BF8A924FA46602063 /* AgentRowTests.swift in Sources */ = {isa = PBXBuildFile; fileRef = 6DDC448405B7A5F2656A0419 /* AgentRowTests.swift */; };
		61A64256A40AD32B70B05AE0 /* ClaudeTranscriptDirectory.swift in Sources */ = {isa = PBXBuildFile; fileRef = 3610A69A0253B7E24D442A3C /* ClaudeTranscriptDirectory.swift */; };
		63F14DB500EC723BCB61AB44 /* AccountCredentialReferenceTests.swift in Sources */ = {isa = PBXBuildFile; fileRef = 97C425B4A5612D534BA5FECC /* AccountCredentialReferenceTests.swift */; };
		68A1F885C4A8FF2F2D947648 /* GlyphlineSmokeTests.swift in Sources */ = {isa = PBXBuildFile; fileRef = 412F5489EA0C8B4EE160128C /* GlyphlineSmokeTests.swift */; };
		6AA0FC8F5FB21FA7852CEBAB /* SunPosition.swift in Sources */ = {isa = PBXBuildFile; fileRef = 5465BF81A3D7F440B3636E5B /* SunPosition.swift */; };
		6B55AE689CFB20F2FC81320A /* FixtureRateWindowSource.swift in Sources */ = {isa = PBXBuildFile; fileRef = D2875A21D3F767FBB58928F1 /* FixtureRateWindowSource.swift */; };
		6C8F31A87FCB44BF844C8E11 /* AgentverseParkedStoreTests.swift in Sources */ = {isa = PBXBuildFile; fileRef = A452BABCF11A72A0A23A41AE /* AgentverseParkedStoreTests.swift */; };
		6D737C47EC2A7E6325625A55 /* GlyphlineApp.swift in Sources */ = {isa = PBXBuildFile; fileRef = AF10D82C0BBAB350C0D404AB /* GlyphlineApp.swift */; };
		6F6854805AD8B45E9AB095BA /* KeychainStoreTests.swift in Sources */ = {isa = PBXBuildFile; fileRef = 89EEFE279720CAF7CA13AEB0 /* KeychainStoreTests.swift */; };
		72517151B7BCCE3BC2748539 /* AddAccountFlowTests.swift in Sources */ = {isa = PBXBuildFile; fileRef = 40D313DABDF65EC1DBCADDBD /* AddAccountFlowTests.swift */; };
		766ABBB2FCCB0CD85F4280B9 /* Assets.xcassets in Resources */ = {isa = PBXBuildFile; fileRef = 8C06666F9B94E7FE09B8E8E5 /* Assets.xcassets */; };
		7689725CCEE34D9A6EC7ACE1 /* ProviderAdapterRegistryTests.swift in Sources */ = {isa = PBXBuildFile; fileRef = 65F46725420D301A64582EF6 /* ProviderAdapterRegistryTests.swift */; };
		771EDD480CF8D227507CB099 /* SyncCoordinator.swift in Sources */ = {isa = PBXBuildFile; fileRef = C65F3F058519D3D6E8B2C8CE /* SyncCoordinator.swift */; };
		798F27EB96BD8D11CAF2AEE8 /* WeatherServiceTests.swift in Sources */ = {isa = PBXBuildFile; fileRef = E098575A9DAE4BCF0C1DB381 /* WeatherServiceTests.swift */; };
		7A236834E440289A3C2FB2CD /* AgentverseWindow.swift in Sources */ = {isa = PBXBuildFile; fileRef = 1AF1829AD2379CF1AA77C13C /* AgentverseWindow.swift */; };
		7BB34FDDD9F07754C4B60EF3 /* AgentverseCoordinator.swift in Sources */ = {isa = PBXBuildFile; fileRef = 1DA33CFDBB20825AB71AEEC4 /* AgentverseCoordinator.swift */; };
		7EE1E0DD0196D6F33CE6E4CE /* AddAccountFlow.swift in Sources */ = {isa = PBXBuildFile; fileRef = A81C1F539EBD6824C59FADB0 /* AddAccountFlow.swift */; };
		81A31CCE7A84A8263856A8DC /* Migrations.swift in Sources */ = {isa = PBXBuildFile; fileRef = 979B2CFA8C52D4A2693A102A /* Migrations.swift */; };
		84A54ADAC7F03FF978AB6A90 /* SunPositionTests.swift in Sources */ = {isa = PBXBuildFile; fileRef = F4E1FE1146583F38A8203043 /* SunPositionTests.swift */; };
		89083040759B4E9DD781F4C4 /* AgentRow.swift in Sources */ = {isa = PBXBuildFile; fileRef = D6BD6C14C75AEFB9B82A4095 /* AgentRow.swift */; };
		8A0A7176801705F955EB4B5C /* RateWindow.swift in Sources */ = {isa = PBXBuildFile; fileRef = 392B5FF66B8772E918631363 /* RateWindow.swift */; };
		8A3BE7918F84E156A45F3259 /* RateWindowSource.swift in Sources */ = {isa = PBXBuildFile; fileRef = C052559758FF74B410700F49 /* RateWindowSource.swift */; };
		8A832CA3F523AE02FFE88010 /* ClaudeSignInWindow.swift in Sources */ = {isa = PBXBuildFile; fileRef = 102E19DF99EBAC8A3C8BDC32 /* ClaudeSignInWindow.swift */; };
		8AC1E001A95AA9B2390855B8 /* LocalUsagePeriod.swift in Sources */ = {isa = PBXBuildFile; fileRef = 45E769274D7E65D92F394E71 /* LocalUsagePeriod.swift */; };
		8B5E7D6A51CECD50DB78F10B /* ClaudeWebResponseClassifier.swift in Sources */ = {isa = PBXBuildFile; fileRef = 383FF44EC0D7B7C405AE465B /* ClaudeWebResponseClassifier.swift */; };
		8D9EA1487B3C0A416574EBBC /* WindowOcclusionReader.swift in Sources */ = {isa = PBXBuildFile; fileRef = 3529DEF033DF359EF2652FD4 /* WindowOcclusionReader.swift */; };
		91A12D7EBAEDB4A0211E86FB /* AgentverseCoordinatorTests.swift in Sources */ = {isa = PBXBuildFile; fileRef = EB6486F570B1DA77ACCB5458 /* AgentverseCoordinatorTests.swift */; };
		9442C7847482BDAC9B50C660 /* RateWindowStoreTests.swift in Sources */ = {isa = PBXBuildFile; fileRef = 1923CB6870F90CE15FC576F9 /* RateWindowStoreTests.swift */; };
		94709AE6F65A1DC6E85EADAE /* LedgerStoreTests.swift in Sources */ = {isa = PBXBuildFile; fileRef = FA3C1D8E770A657CE4E29EF0 /* LedgerStoreTests.swift */; };
		9781D3AFE9D9ED610186CCBB /* AccountDeletionFormattingTests.swift in Sources */ = {isa = PBXBuildFile; fileRef = 346DE5E32009926B52DF6DC4 /* AccountDeletionFormattingTests.swift */; };
		9FEB70E4EF62958B3969ABFF /* Account.swift in Sources */ = {isa = PBXBuildFile; fileRef = D461F567F4AC93CAD78D6410 /* Account.swift */; };
		A385281B699E65EE57FD572E /* ClaudeCodeLogReaderTests.swift in Sources */ = {isa = PBXBuildFile; fileRef = 919CF627AF46F1C143EA18B9 /* ClaudeCodeLogReaderTests.swift */; };
		A578DC0E93318FDA5872EA0B /* KeychainStore.swift in Sources */ = {isa = PBXBuildFile; fileRef = BA3B73CA5CAB2E184CE9154D /* KeychainStore.swift */; };
		AA9559C25108258EBA10DC8A /* SyncCoordinatorTests.swift in Sources */ = {isa = PBXBuildFile; fileRef = 62C5666D45C5D74DC69F722E /* SyncCoordinatorTests.swift */; };
		AC776B32695D0B125B30B305 /* SnapshotSummaryTests.swift in Sources */ = {isa = PBXBuildFile; fileRef = B5287B8477F8EF75ABA938B2 /* SnapshotSummaryTests.swift */; };
		AEE77B35497B4D068C0E2FA5 /* DashboardView.swift in Sources */ = {isa = PBXBuildFile; fileRef = 69F038C1101F3228D2C607FB /* DashboardView.swift */; };
		B077494A20202025E2ABBE46 /* SnapshotIdentity.swift in Sources */ = {isa = PBXBuildFile; fileRef = F94F481767914DA33C8B0E8D /* SnapshotIdentity.swift */; };
		B3F171351A59C208FD3AF3F4 /* claude-usage-minimal.json in Resources */ = {isa = PBXBuildFile; fileRef = 115EF78DDBF22BE7B267CE5B /* claude-usage-minimal.json */; };
		B478D06C9EC6D212E0D7EE98 /* AgentverseScene.swift in Sources */ = {isa = PBXBuildFile; fileRef = 7EC4E85D055A158D0AB6AE19 /* AgentverseScene.swift */; };
		B61E521F9859F0DA80A53702 /* ClaudeWebQuotaSource.swift in Sources */ = {isa = PBXBuildFile; fileRef = 15AE8CE25E9DFB53944DBD13 /* ClaudeWebQuotaSource.swift */; };
		B838F331BD89C2B524410914 /* AddAccountView.swift in Sources */ = {isa = PBXBuildFile; fileRef = A63DE4BE6B1E5DD6EBDEC233 /* AddAccountView.swift */; };
		B85CA610DA5E8BBC7879D1CD /* LedgerStore.swift in Sources */ = {isa = PBXBuildFile; fileRef = 461DE0E81EA86DEF3F3E1A47 /* LedgerStore.swift */; };
		B8B5DF46E5F52175C3B0C9F8 /* UsageModelsTests.swift in Sources */ = {isa = PBXBuildFile; fileRef = 6038A4E395A2847039481F0D /* UsageModelsTests.swift */; };
		BE2B9EEEA941F5F4FDD5FDEA /* AppMode.swift in Sources */ = {isa = PBXBuildFile; fileRef = 12E48ACC872A23A3B329B354 /* AppMode.swift */; };
		BE564013C16C892F7848C0AA /* StatisticsView.swift in Sources */ = {isa = PBXBuildFile; fileRef = A4E90AE35CAB8BF805E71E5C /* StatisticsView.swift */; };
		C0976190599A88D6F50D380D /* AgentverseModel.swift in Sources */ = {isa = PBXBuildFile; fileRef = CC85C589F9485DF64325D43E /* AgentverseModel.swift */; };
		C188981DAC4E75CE72DC3B58 /* SettingsView.swift in Sources */ = {isa = PBXBuildFile; fileRef = 68867B1F76ECF4DE1E6FA098 /* SettingsView.swift */; };
		C7D043D534497E4E92F09CF5 /* DeleteAccountFlowTests.swift in Sources */ = {isa = PBXBuildFile; fileRef = 8E897587F3639B71FA29F250 /* DeleteAccountFlowTests.swift */; };
		CAE25CBB5FB46C3D44E6BD64 /* LedgerStoreFactory.swift in Sources */ = {isa = PBXBuildFile; fileRef = E2ACCDCE077861E9661ECBFF /* LedgerStoreFactory.swift */; };
		D2B18F77CE6A271F859A2598 /* SceneLightTests.swift in Sources */ = {isa = PBXBuildFile; fileRef = 80ED211E069178416163921B /* SceneLightTests.swift */; };
		D8B77926E2F0A8CA8B0916E2 /* UsageModels.swift in Sources */ = {isa = PBXBuildFile; fileRef = BE8DBF95730F8FD235AFAC47 /* UsageModels.swift */; };
		DB6A9090D4D818A7DA838E14 /* LocalUsageStatisticsTests.swift in Sources */ = {isa = PBXBuildFile; fileRef = 8ACB43E390F384515433FB04 /* LocalUsageStatisticsTests.swift */; };
		DD2396AD5BE685E977AB9FAD /* UserPlaceTests.swift in Sources */ = {isa = PBXBuildFile; fileRef = 8436B59B839E014CC6FDD206 /* UserPlaceTests.swift */; };
		DF165E242EA15AA2635A186F /* AgentverseModelTests.swift in Sources */ = {isa = PBXBuildFile; fileRef = C9AD08F137C04548B835D868 /* AgentverseModelTests.swift */; };
		E070D0F406645BA4C9DDA77A /* WeatherService.swift in Sources */ = {isa = PBXBuildFile; fileRef = 93998924B14DDD73F3240DEA /* WeatherService.swift */; };
		E26E4CED2DF7349EFDE10AEA /* AccountDeletionFormatting.swift in Sources */ = {isa = PBXBuildFile; fileRef = 93FBE86612C30FFEEC2EE1FD /* AccountDeletionFormatting.swift */; };
		E87053D134E5E5BCF23BD177 /* ClaudeWebSessionStore.swift in Sources */ = {isa = PBXBuildFile; fileRef = 0D5247CB250C44F5D5A195E8 /* ClaudeWebSessionStore.swift */; };
		E911DAA860CC70539901ED44 /* TranscriptTimestampParser.swift in Sources */ = {isa = PBXBuildFile; fileRef = 86370203C13C77899EEB6DA7 /* TranscriptTimestampParser.swift */; };
		E9F07FC2418C6707018C3666 /* MoneyAmountTests.swift in Sources */ = {isa = PBXBuildFile; fileRef = 55BA8694018F37636CBB9BF7 /* MoneyAmountTests.swift */; };
		EE496A4425EF2D3826391753 /* CostEstimator.swift in Sources */ = {isa = PBXBuildFile; fileRef = B258111FCCAE74A8FC95B9FF /* CostEstimator.swift */; };
		F1C14BF4C9F663FD03819DAA /* pricing-v1.json in Resources */ = {isa = PBXBuildFile; fileRef = C1291754346ED094133AE0E6 /* pricing-v1.json */; };
		F56211A4FDCF96FDAFB59C92 /* RateWindowTests.swift in Sources */ = {isa = PBXBuildFile; fileRef = CA6C8BEB41F3B3EE32D28A76 /* RateWindowTests.swift */; };
		F731A9E0E7F227918984E8BA /* claude-usage.json in Resources */ = {isa = PBXBuildFile; fileRef = 71F686E68C6AD2A919ECD797 /* claude-usage.json */; };
		FA0E6D06248BF58C8ECC4787 /* ClaudeOrganizationsDTOs.swift in Sources */ = {isa = PBXBuildFile; fileRef = 24490E8A33CB8C3CE1EFFAA3 /* ClaudeOrganizationsDTOs.swift */; };
		FB25B96A420EF574188F6447 /* ClaudeUsageQuotaDTOsTests.swift in Sources */ = {isa = PBXBuildFile; fileRef = E78959ED32C99389D71E836A /* ClaudeUsageQuotaDTOsTests.swift */; };
		FD2E6B0D841CAF9F824F9BB8 /* LocalUsagePeriodTests.swift in Sources */ = {isa = PBXBuildFile; fileRef = 0D31897CD1062193BF63AE80 /* LocalUsagePeriodTests.swift */; };
		FE115011C319F621E5E47A5E /* MigrationTests.swift in Sources */ = {isa = PBXBuildFile; fileRef = 38CEA8D84FAB5879F7C9B70E /* MigrationTests.swift */; };
/* End PBXBuildFile section */

/* Begin PBXContainerItemProxy section */
		68FDA82D04ED14A5048198A7 /* PBXContainerItemProxy */ = {
			isa = PBXContainerItemProxy;
			containerPortal = 9BAB3BFDF8B40359C788F3EC /* Project object */;
			proxyType = 1;
			remoteGlobalIDString = E61E4F4E6C3927C0F5FC0C74;
			remoteInfo = Glyphline;
		};
/* End PBXContainerItemProxy section */

/* Begin PBXFileReference section */
		0D31897CD1062193BF63AE80 /* LocalUsagePeriodTests.swift */ = {isa = PBXFileReference; lastKnownFileType = sourcecode.swift; path = LocalUsagePeriodTests.swift; sourceTree = "<group>"; };
		0D5247CB250C44F5D5A195E8 /* ClaudeWebSessionStore.swift */ = {isa = PBXFileReference; lastKnownFileType = sourcecode.swift; path = ClaudeWebSessionStore.swift; sourceTree = "<group>"; };
		102E19DF99EBAC8A3C8BDC32 /* ClaudeSignInWindow.swift */ = {isa = PBXFileReference; lastKnownFileType = sourcecode.swift; path = ClaudeSignInWindow.swift; sourceTree = "<group>"; };
		115EF78DDBF22BE7B267CE5B /* claude-usage-minimal.json */ = {isa = PBXFileReference; lastKnownFileType = text.json; path = "claude-usage-minimal.json"; sourceTree = "<group>"; };
		11D41DE98E9E03A2433764CC /* RateWindowSourceTests.swift */ = {isa = PBXFileReference; lastKnownFileType = sourcecode.swift; path = RateWindowSourceTests.swift; sourceTree = "<group>"; };
		12E48ACC872A23A3B329B354 /* AppMode.swift */ = {isa = PBXFileReference; lastKnownFileType = sourcecode.swift; path = AppMode.swift; sourceTree = "<group>"; };
		15AE8CE25E9DFB53944DBD13 /* ClaudeWebQuotaSource.swift */ = {isa = PBXFileReference; lastKnownFileType = sourcecode.swift; path = ClaudeWebQuotaSource.swift; sourceTree = "<group>"; };
		1923CB6870F90CE15FC576F9 /* RateWindowStoreTests.swift */ = {isa = PBXFileReference; lastKnownFileType = sourcecode.swift; path = RateWindowStoreTests.swift; sourceTree = "<group>"; };
		1A12C10E9B329DC6D4E86D94 /* ProviderAdapterRegistry.swift */ = {isa = PBXFileReference; lastKnownFileType = sourcecode.swift; path = ProviderAdapterRegistry.swift; sourceTree = "<group>"; };
		1AF1829AD2379CF1AA77C13C /* AgentverseWindow.swift */ = {isa = PBXFileReference; lastKnownFileType = sourcecode.swift; path = AgentverseWindow.swift; sourceTree = "<group>"; };
		1DA33CFDBB20825AB71AEEC4 /* AgentverseCoordinator.swift */ = {isa = PBXFileReference; lastKnownFileType = sourcecode.swift; path = AgentverseCoordinator.swift; sourceTree = "<group>"; };
		224A62075870B8FAF84E2274 /* AccountDeletionStoreTests.swift */ = {isa = PBXFileReference; lastKnownFileType = sourcecode.swift; path = AccountDeletionStoreTests.swift; sourceTree = "<group>"; };
		24490E8A33CB8C3CE1EFFAA3 /* ClaudeOrganizationsDTOs.swift */ = {isa = PBXFileReference; lastKnownFileType = sourcecode.swift; path = ClaudeOrganizationsDTOs.swift; sourceTree = "<group>"; };
		25763F9DE4C82450A3834BDC /* AgentSession.swift */ = {isa = PBXFileReference; lastKnownFileType = sourcecode.swift; path = AgentSession.swift; sourceTree = "<group>"; };
		28A51A602B459C74D5B7B379 /* ClaudeWebResponseClassifierTests.swift */ = {isa = PBXFileReference; lastKnownFileType = sourcecode.swift; path = ClaudeWebResponseClassifierTests.swift; sourceTree = "<group>"; };
		297662193FBB25AD8305E87D /* LocalUsageStatistics.swift */ = {isa = PBXFileReference; lastKnownFileType = sourcecode.swift; path = LocalUsageStatistics.swift; sourceTree = "<group>"; };
		2D061EE64EFE518EB86B8570 /* LocalTokenUsageStoreTests.swift */ = {isa = PBXFileReference; lastKnownFileType = sourcecode.swift; path = LocalTokenUsageStoreTests.swift; sourceTree = "<group>"; };
		2D596EC370B13AA593C32D79 /* PricingCatalog.swift */ = {isa = PBXFileReference; lastKnownFileType = sourcecode.swift; path = PricingCatalog.swift; sourceTree = "<group>"; };
		346DE5E32009926B52DF6DC4 /* AccountDeletionFormattingTests.swift */ = {isa = PBXFileReference; lastKnownFileType = sourcecode.swift; path = AccountDeletionFormattingTests.swift; sourceTree = "<group>"; };
		347CEC22ED71F6DCC815DB03 /* AppModeTests.swift */ = {isa = PBXFileReference; lastKnownFileType = sourcecode.swift; path = AppModeTests.swift; sourceTree = "<group>"; };
		3529DEF033DF359EF2652FD4 /* WindowOcclusionReader.swift */ = {isa = PBXFileReference; lastKnownFileType = sourcecode.swift; path = WindowOcclusionReader.swift; sourceTree = "<group>"; };
		3610A69A0253B7E24D442A3C /* ClaudeTranscriptDirectory.swift */ = {isa = PBXFileReference; lastKnownFileType = sourcecode.swift; path = ClaudeTranscriptDirectory.swift; sourceTree = "<group>"; };
		383FF44EC0D7B7C405AE465B /* ClaudeWebResponseClassifier.swift */ = {isa = PBXFileReference; lastKnownFileType = sourcecode.swift; path = ClaudeWebResponseClassifier.swift; sourceTree = "<group>"; };
		38CEA8D84FAB5879F7C9B70E /* MigrationTests.swift */ = {isa = PBXFileReference; lastKnownFileType = sourcecode.swift; path = MigrationTests.swift; sourceTree = "<group>"; };
		392B5FF66B8772E918631363 /* RateWindow.swift */ = {isa = PBXFileReference; lastKnownFileType = sourcecode.swift; path = RateWindow.swift; sourceTree = "<group>"; };
		3B1D47E3EFDB4A47186A23AF /* .gitkeep */ = {isa = PBXFileReference; path = .gitkeep; sourceTree = "<group>"; };
		3B3D3ECA1152729E0516F4B8 /* UserPlace.swift */ = {isa = PBXFileReference; lastKnownFileType = sourcecode.swift; path = UserPlace.swift; sourceTree = "<group>"; };
		40D313DABDF65EC1DBCADDBD /* AddAccountFlowTests.swift */ = {isa = PBXFileReference; lastKnownFileType = sourcecode.swift; path = AddAccountFlowTests.swift; sourceTree = "<group>"; };
		412F5489EA0C8B4EE160128C /* GlyphlineSmokeTests.swift */ = {isa = PBXFileReference; lastKnownFileType = sourcecode.swift; path = GlyphlineSmokeTests.swift; sourceTree = "<group>"; };
		45E769274D7E65D92F394E71 /* LocalUsagePeriod.swift */ = {isa = PBXFileReference; lastKnownFileType = sourcecode.swift; path = LocalUsagePeriod.swift; sourceTree = "<group>"; };
		461DE0E81EA86DEF3F3E1A47 /* LedgerStore.swift */ = {isa = PBXFileReference; lastKnownFileType = sourcecode.swift; path = LedgerStore.swift; sourceTree = "<group>"; };
		4FF23487330689CD09F72F59 /* ClaudeTranscriptReaderTests.swift */ = {isa = PBXFileReference; lastKnownFileType = sourcecode.swift; path = ClaudeTranscriptReaderTests.swift; sourceTree = "<group>"; };
		5465BF81A3D7F440B3636E5B /* SunPosition.swift */ = {isa = PBXFileReference; lastKnownFileType = sourcecode.swift; path = SunPosition.swift; sourceTree = "<group>"; };
		54DF3B50A77102C6E68EAC4C /* AccountCredentialReference.swift */ = {isa = PBXFileReference; lastKnownFileType = sourcecode.swift; path = AccountCredentialReference.swift; sourceTree = "<group>"; };
		55BA8694018F37636CBB9BF7 /* MoneyAmountTests.swift */ = {isa = PBXFileReference; lastKnownFileType = sourcecode.swift; path = MoneyAmountTests.swift; sourceTree = "<group>"; };
		590AB7BB7B2B0704E4EF7C23 /* SceneLight.swift */ = {isa = PBXFileReference; lastKnownFileType = sourcecode.swift; path = SceneLight.swift; sourceTree = "<group>"; };
		5925F83C461A2E9765557F05 /* Glyphline.app */ = {isa = PBXFileReference; explicitFileType = wrapper.application; includeInIndex = 0; path = Glyphline.app; sourceTree = BUILT_PRODUCTS_DIR; };
		6038A4E395A2847039481F0D /* UsageModelsTests.swift */ = {isa = PBXFileReference; lastKnownFileType = sourcecode.swift; path = UsageModelsTests.swift; sourceTree = "<group>"; };
		62C5666D45C5D74DC69F722E /* SyncCoordinatorTests.swift */ = {isa = PBXFileReference; lastKnownFileType = sourcecode.swift; path = SyncCoordinatorTests.swift; sourceTree = "<group>"; };
		64891BE57A59E15EEFF1CD5F /* AppActivationController.swift */ = {isa = PBXFileReference; lastKnownFileType = sourcecode.swift; path = AppActivationController.swift; sourceTree = "<group>"; };
		65C301199FDCC9595DC906A9 /* AccountSummaryFormatting.swift */ = {isa = PBXFileReference; lastKnownFileType = sourcecode.swift; path = AccountSummaryFormatting.swift; sourceTree = "<group>"; };
		65F46725420D301A64582EF6 /* ProviderAdapterRegistryTests.swift */ = {isa = PBXFileReference; lastKnownFileType = sourcecode.swift; path = ProviderAdapterRegistryTests.swift; sourceTree = "<group>"; };
		675ADA919D8753AAAEFAB44F /* MoneyAmount.swift */ = {isa = PBXFileReference; lastKnownFileType = sourcecode.swift; path = MoneyAmount.swift; sourceTree = "<group>"; };
		68867B1F76ECF4DE1E6FA098 /* SettingsView.swift */ = {isa = PBXFileReference; lastKnownFileType = sourcecode.swift; path = SettingsView.swift; sourceTree = "<group>"; };
		69F038C1101F3228D2C607FB /* DashboardView.swift */ = {isa = PBXFileReference; lastKnownFileType = sourcecode.swift; path = DashboardView.swift; sourceTree = "<group>"; };
		6DDC448405B7A5F2656A0419 /* AgentRowTests.swift */ = {isa = PBXFileReference; lastKnownFileType = sourcecode.swift; path = AgentRowTests.swift; sourceTree = "<group>"; };
		71F686E68C6AD2A919ECD797 /* claude-usage.json */ = {isa = PBXFileReference; lastKnownFileType = text.json; path = "claude-usage.json"; sourceTree = "<group>"; };
		7B39FBF9301271154CF363EE /* Info.plist */ = {isa = PBXFileReference; lastKnownFileType = text.plist; path = Info.plist; sourceTree = "<group>"; };
		7B784EDCB98F4CFE937F3132 /* ClaudeCodeLogReader.swift */ = {isa = PBXFileReference; lastKnownFileType = sourcecode.swift; path = ClaudeCodeLogReader.swift; sourceTree = "<group>"; };
		7E78F87ED03A83F2D193EF8B /* AppSettingsStore.swift */ = {isa = PBXFileReference; lastKnownFileType = sourcecode.swift; path = AppSettingsStore.swift; sourceTree = "<group>"; };
		7EC4E85D055A158D0AB6AE19 /* AgentverseScene.swift */ = {isa = PBXFileReference; lastKnownFileType = sourcecode.swift; path = AgentverseScene.swift; sourceTree = "<group>"; };
		80ED211E069178416163921B /* SceneLightTests.swift */ = {isa = PBXFileReference; lastKnownFileType = sourcecode.swift; path = SceneLightTests.swift; sourceTree = "<group>"; };
		8436B59B839E014CC6FDD206 /* UserPlaceTests.swift */ = {isa = PBXFileReference; lastKnownFileType = sourcecode.swift; path = UserPlaceTests.swift; sourceTree = "<group>"; };
		849077EF726D5E3F756B4805 /* AccountSummaryFormattingTests.swift */ = {isa = PBXFileReference; lastKnownFileType = sourcecode.swift; path = AccountSummaryFormattingTests.swift; sourceTree = "<group>"; };
		86370203C13C77899EEB6DA7 /* TranscriptTimestampParser.swift */ = {isa = PBXFileReference; lastKnownFileType = sourcecode.swift; path = TranscriptTimestampParser.swift; sourceTree = "<group>"; };
		89EEFE279720CAF7CA13AEB0 /* KeychainStoreTests.swift */ = {isa = PBXFileReference; lastKnownFileType = sourcecode.swift; path = KeychainStoreTests.swift; sourceTree = "<group>"; };
		8A44B6050C0E139657C97014 /* ClaudeOrganizationsDTOsTests.swift */ = {isa = PBXFileReference; lastKnownFileType = sourcecode.swift; path = ClaudeOrganizationsDTOsTests.swift; sourceTree = "<group>"; };
		8ACB43E390F384515433FB04 /* LocalUsageStatisticsTests.swift */ = {isa = PBXFileReference; lastKnownFileType = sourcecode.swift; path = LocalUsageStatisticsTests.swift; sourceTree = "<group>"; };
		8C06666F9B94E7FE09B8E8E5 /* Assets.xcassets */ = {isa = PBXFileReference; lastKnownFileType = folder.assetcatalog; path = Assets.xcassets; sourceTree = "<group>"; };
		8C7EFBFB9C39E2FB8C3A9072 /* GlyphlineTests.xctest */ = {isa = PBXFileReference; explicitFileType = wrapper.cfbundle; includeInIndex = 0; path = GlyphlineTests.xctest; sourceTree = BUILT_PRODUCTS_DIR; };
		8E897587F3639B71FA29F250 /* DeleteAccountFlowTests.swift */ = {isa = PBXFileReference; lastKnownFileType = sourcecode.swift; path = DeleteAccountFlowTests.swift; sourceTree = "<group>"; };
		8EB4CDCE71718F453A076C59 /* ClaudeTranscriptReader.swift */ = {isa = PBXFileReference; lastKnownFileType = sourcecode.swift; path = ClaudeTranscriptReader.swift; sourceTree = "<group>"; };
		919CF627AF46F1C143EA18B9 /* ClaudeCodeLogReaderTests.swift */ = {isa = PBXFileReference; lastKnownFileType = sourcecode.swift; path = ClaudeCodeLogReaderTests.swift; sourceTree = "<group>"; };
		93998924B14DDD73F3240DEA /* WeatherService.swift */ = {isa = PBXFileReference; lastKnownFileType = sourcecode.swift; path = WeatherService.swift; sourceTree = "<group>"; };
		93FBE86612C30FFEEC2EE1FD /* AccountDeletionFormatting.swift */ = {isa = PBXFileReference; lastKnownFileType = sourcecode.swift; path = AccountDeletionFormatting.swift; sourceTree = "<group>"; };
		979B2CFA8C52D4A2693A102A /* Migrations.swift */ = {isa = PBXFileReference; lastKnownFileType = sourcecode.swift; path = Migrations.swift; sourceTree = "<group>"; };
		97C425B4A5612D534BA5FECC /* AccountCredentialReferenceTests.swift */ = {isa = PBXFileReference; lastKnownFileType = sourcecode.swift; path = AccountCredentialReferenceTests.swift; sourceTree = "<group>"; };
		9BD3C2C540C231D67EC5F063 /* AgentSessionScannerTests.swift */ = {isa = PBXFileReference; lastKnownFileType = sourcecode.swift; path = AgentSessionScannerTests.swift; sourceTree = "<group>"; };
		A452BABCF11A72A0A23A41AE /* AgentverseParkedStoreTests.swift */ = {isa = PBXFileReference; lastKnownFileType = sourcecode.swift; path = AgentverseParkedStoreTests.swift; sourceTree = "<group>"; };
		A4E90AE35CAB8BF805E71E5C /* StatisticsView.swift */ = {isa = PBXFileReference; lastKnownFileType = sourcecode.swift; path = StatisticsView.swift; sourceTree = "<group>"; };
		A63DE4BE6B1E5DD6EBDEC233 /* AddAccountView.swift */ = {isa = PBXFileReference; lastKnownFileType = sourcecode.swift; path = AddAccountView.swift; sourceTree = "<group>"; };
		A81C1F539EBD6824C59FADB0 /* AddAccountFlow.swift */ = {isa = PBXFileReference; lastKnownFileType = sourcecode.swift; path = AddAccountFlow.swift; sourceTree = "<group>"; };
		A8753659B8C311D8F1103166 /* AgentverseWindowTests.swift */ = {isa = PBXFileReference; lastKnownFileType = sourcecode.swift; path = AgentverseWindowTests.swift; sourceTree = "<group>"; };
		A9430FC958CF84944A796120 /* DatabaseQueueFactory.swift */ = {isa = PBXFileReference; lastKnownFileType = sourcecode.swift; path = DatabaseQueueFactory.swift; sourceTree = "<group>"; };
		AB71829869D2BDC5C53A536A /* SyncCoordinatorLocalUsageTests.swift */ = {isa = PBXFileReference; lastKnownFileType = sourcecode.swift; path = SyncCoordinatorLocalUsageTests.swift; sourceTree = "<group>"; };
		ACD9B71050B5FCC82923CDC9 /* DeleteAccountFlow.swift */ = {isa = PBXFileReference; lastKnownFileType = sourcecode.swift; path = DeleteAccountFlow.swift; sourceTree = "<group>"; };
		AF10D82C0BBAB350C0D404AB /* GlyphlineApp.swift */ = {isa = PBXFileReference; lastKnownFileType = sourcecode.swift; path = GlyphlineApp.swift; sourceTree = "<group>"; };
		AFA5A35ACBFF7C3C12DC8EB8 /* AgentSessionScanner.swift */ = {isa = PBXFileReference; lastKnownFileType = sourcecode.swift; path = AgentSessionScanner.swift; sourceTree = "<group>"; };
		B16B2551C7AF4DA8A614935E /* QuotaNotifier.swift */ = {isa = PBXFileReference; lastKnownFileType = sourcecode.swift; path = QuotaNotifier.swift; sourceTree = "<group>"; };
		B258111FCCAE74A8FC95B9FF /* CostEstimator.swift */ = {isa = PBXFileReference; lastKnownFileType = sourcecode.swift; path = CostEstimator.swift; sourceTree = "<group>"; };
		B520B6C053C48D490AB06E62 /* QuotaIndicator.swift */ = {isa = PBXFileReference; lastKnownFileType = sourcecode.swift; path = QuotaIndicator.swift; sourceTree = "<group>"; };
		B5287B8477F8EF75ABA938B2 /* SnapshotSummaryTests.swift */ = {isa = PBXFileReference; lastKnownFileType = sourcecode.swift; path = SnapshotSummaryTests.swift; sourceTree = "<group>"; };
		B966305CF54AAA51888A2FC0 /* QuotaIndicatorTests.swift */ = {isa = PBXFileReference; lastKnownFileType = sourcecode.swift; path = QuotaIndicatorTests.swift; sourceTree = "<group>"; };
		BA3B73CA5CAB2E184CE9154D /* KeychainStore.swift */ = {isa = PBXFileReference; lastKnownFileType = sourcecode.swift; path = KeychainStore.swift; sourceTree = "<group>"; };
		BB947F271F18142FE2CD64DB /* MenuBarView.swift */ = {isa = PBXFileReference; lastKnownFileType = sourcecode.swift; path = MenuBarView.swift; sourceTree = "<group>"; };
		BD5F66FB95D8BBD93EFCBE00 /* AppSettingsStoreTests.swift */ = {isa = PBXFileReference; lastKnownFileType = sourcecode.swift; path = AppSettingsStoreTests.swift; sourceTree = "<group>"; };
		BE8DBF95730F8FD235AFAC47 /* UsageModels.swift */ = {isa = PBXFileReference; lastKnownFileType = sourcecode.swift; path = UsageModels.swift; sourceTree = "<group>"; };
		C052559758FF74B410700F49 /* RateWindowSource.swift */ = {isa = PBXFileReference; lastKnownFileType = sourcecode.swift; path = RateWindowSource.swift; sourceTree = "<group>"; };
		C1291754346ED094133AE0E6 /* pricing-v1.json */ = {isa = PBXFileReference; lastKnownFileType = text.json; path = "pricing-v1.json"; sourceTree = "<group>"; };
		C15E082BDAB475C5EB9759CE /* ClaudeWebPageLoader.swift */ = {isa = PBXFileReference; lastKnownFileType = sourcecode.swift; path = ClaudeWebPageLoader.swift; sourceTree = "<group>"; };
		C65F3F058519D3D6E8B2C8CE /* SyncCoordinator.swift */ = {isa = PBXFileReference; lastKnownFileType = sourcecode.swift; path = SyncCoordinator.swift; sourceTree = "<group>"; };
		C69732493AABC7109EB74F3F /* ProviderID.swift */ = {isa = PBXFileReference; lastKnownFileType = sourcecode.swift; path = ProviderID.swift; sourceTree = "<group>"; };
		C9AD08F137C04548B835D868 /* AgentverseModelTests.swift */ = {isa = PBXFileReference; lastKnownFileType = sourcecode.swift; path = AgentverseModelTests.swift; sourceTree = "<group>"; };
		CA6C8BEB41F3B3EE32D28A76 /* RateWindowTests.swift */ = {isa = PBXFileReference; lastKnownFileType = sourcecode.swift; path = RateWindowTests.swift; sourceTree = "<group>"; };
		CAB6B58FFD4950C915812BC0 /* ClaudeWebSessionStoreTests.swift */ = {isa = PBXFileReference; lastKnownFileType = sourcecode.swift; path = ClaudeWebSessionStoreTests.swift; sourceTree = "<group>"; };
		CBDCA09F2919D27BE31E10C4 /* QuotaBarRowView.swift */ = {isa = PBXFileReference; lastKnownFileType = sourcecode.swift; path = QuotaBarRowView.swift; sourceTree = "<group>"; };
		CC85C589F9485DF64325D43E /* AgentverseModel.swift */ = {isa = PBXFileReference; lastKnownFileType = sourcecode.swift; path = AgentverseModel.swift; sourceTree = "<group>"; };
		D10078AD9B1875C460A90C37 /* CostEstimatorTests.swift */ = {isa = PBXFileReference; lastKnownFileType = sourcecode.swift; path = CostEstimatorTests.swift; sourceTree = "<group>"; };
		D2875A21D3F767FBB58928F1 /* FixtureRateWindowSource.swift */ = {isa = PBXFileReference; lastKnownFileType = sourcecode.swift; path = FixtureRateWindowSource.swift; sourceTree = "<group>"; };
		D461F567F4AC93CAD78D6410 /* Account.swift */ = {isa = PBXFileReference; lastKnownFileType = sourcecode.swift; path = Account.swift; sourceTree = "<group>"; };
		D6BD6C14C75AEFB9B82A4095 /* AgentRow.swift */ = {isa = PBXFileReference; lastKnownFileType = sourcecode.swift; path = AgentRow.swift; sourceTree = "<group>"; };
		D968A135D66AE439311BECFE /* ClaudeUsageQuotaDTOs.swift */ = {isa = PBXFileReference; lastKnownFileType = sourcecode.swift; path = ClaudeUsageQuotaDTOs.swift; sourceTree = "<group>"; };
		E098575A9DAE4BCF0C1DB381 /* WeatherServiceTests.swift */ = {isa = PBXFileReference; lastKnownFileType = sourcecode.swift; path = WeatherServiceTests.swift; sourceTree = "<group>"; };
		E2ACCDCE077861E9661ECBFF /* LedgerStoreFactory.swift */ = {isa = PBXFileReference; lastKnownFileType = sourcecode.swift; path = LedgerStoreFactory.swift; sourceTree = "<group>"; };
		E78959ED32C99389D71E836A /* ClaudeUsageQuotaDTOsTests.swift */ = {isa = PBXFileReference; lastKnownFileType = sourcecode.swift; path = ClaudeUsageQuotaDTOsTests.swift; sourceTree = "<group>"; };
		EB6486F570B1DA77ACCB5458 /* AgentverseCoordinatorTests.swift */ = {isa = PBXFileReference; lastKnownFileType = sourcecode.swift; path = AgentverseCoordinatorTests.swift; sourceTree = "<group>"; };
		F06FF5203E4C15863CAB3EE3 /* AccountsView.swift */ = {isa = PBXFileReference; lastKnownFileType = sourcecode.swift; path = AccountsView.swift; sourceTree = "<group>"; };
		F4E1FE1146583F38A8203043 /* SunPositionTests.swift */ = {isa = PBXFileReference; lastKnownFileType = sourcecode.swift; path = SunPositionTests.swift; sourceTree = "<group>"; };
		F7E41CF08357DEC111ECE205 /* timezone-places.json */ = {isa = PBXFileReference; lastKnownFileType = text.json; path = "timezone-places.json"; sourceTree = "<group>"; };
		F94F481767914DA33C8B0E8D /* SnapshotIdentity.swift */ = {isa = PBXFileReference; lastKnownFileType = sourcecode.swift; path = SnapshotIdentity.swift; sourceTree = "<group>"; };
		FA3C1D8E770A657CE4E29EF0 /* LedgerStoreTests.swift */ = {isa = PBXFileReference; lastKnownFileType = sourcecode.swift; path = LedgerStoreTests.swift; sourceTree = "<group>"; };
		FF76F68273B2AD4088C657D5 /* DatabaseQueueFactoryTests.swift */ = {isa = PBXFileReference; lastKnownFileType = sourcecode.swift; path = DatabaseQueueFactoryTests.swift; sourceTree = "<group>"; };
/* End PBXFileReference section */

/* Begin PBXFrameworksBuildPhase section */
		7EE267B68A192C31885642F4 /* Frameworks */ = {
			isa = PBXFrameworksBuildPhase;
			buildActionMask = 2147483647;
			files = (
				2DF42C50602C384C26283736 /* GRDB in Frameworks */,
			);
			runOnlyForDeploymentPostprocessing = 0;
		};
/* End PBXFrameworksBuildPhase section */

/* Begin PBXGroup section */
		08B9C25251423093B49F7CA2 /* Fixtures */ = {
			isa = PBXGroup;
			children = (
				D2875A21D3F767FBB58928F1 /* FixtureRateWindowSource.swift */,
			);
			path = Fixtures;
			sourceTree = "<group>";
		};
		1269EAD23D095D8AD16E7D9B /* Statistics */ = {
			isa = PBXGroup;
			children = (
				45E769274D7E65D92F394E71 /* LocalUsagePeriod.swift */,
				A4E90AE35CAB8BF805E71E5C /* StatisticsView.swift */,
			);
			path = Statistics;
			sourceTree = "<group>";
		};
		13A80FAF108D5835B140ED5C /* Agentverse */ = {
			isa = PBXGroup;
			children = (
				D6BD6C14C75AEFB9B82A4095 /* AgentRow.swift */,
				7EC4E85D055A158D0AB6AE19 /* AgentverseScene.swift */,
				1AF1829AD2379CF1AA77C13C /* AgentverseWindow.swift */,
				590AB7BB7B2B0704E4EF7C23 /* SceneLight.swift */,
				5465BF81A3D7F440B3636E5B /* SunPosition.swift */,
				3B3D3ECA1152729E0516F4B8 /* UserPlace.swift */,
				93998924B14DDD73F3240DEA /* WeatherService.swift */,
				3529DEF033DF359EF2652FD4 /* WindowOcclusionReader.swift */,
			);
			path = Agentverse;
			sourceTree = "<group>";
		};
		2D9D152656BAF752831409CD /* Agentverse */ = {
			isa = PBXGroup;
			children = (
				AFA5A35ACBFF7C3C12DC8EB8 /* AgentSessionScanner.swift */,
				1DA33CFDBB20825AB71AEEC4 /* AgentverseCoordinator.swift */,
				CC85C589F9485DF64325D43E /* AgentverseModel.swift */,
			);
			path = Agentverse;
			sourceTree = "<group>";
		};
		335EEF2FA3EA6D6E5F921492 /* Models */ = {
			isa = PBXGroup;
			children = (
				D461F567F4AC93CAD78D6410 /* Account.swift */,
				54DF3B50A77102C6E68EAC4C /* AccountCredentialReference.swift */,
				25763F9DE4C82450A3834BDC /* AgentSession.swift */,
				675ADA919D8753AAAEFAB44F /* MoneyAmount.swift */,
				C69732493AABC7109EB74F3F /* ProviderID.swift */,
				392B5FF66B8772E918631363 /* RateWindow.swift */,
				F94F481767914DA33C8B0E8D /* SnapshotIdentity.swift */,
				BE8DBF95730F8FD235AFAC47 /* UsageModels.swift */,
			);
			path = Models;
			sourceTree = "<group>";
		};
		446777FFD7CAA970CB7479AC /* Glyphline */ = {
			isa = PBXGroup;
			children = (
				8C06666F9B94E7FE09B8E8E5 /* Assets.xcassets */,
				AF10D82C0BBAB350C0D404AB /* GlyphlineApp.swift */,
				7B39FBF9301271154CF363EE /* Info.plist */,
				2D9D152656BAF752831409CD /* Agentverse */,
				882DE433E3DD2C70B4CD6E0A /* App */,
				BADB60B468F1FBD0DA29327C /* Credentials */,
				E5E9B6E9F94115F5FF5131D5 /* Ledger */,
				335EEF2FA3EA6D6E5F921492 /* Models */,
				77E23283691887695B872732 /* Pricing */,
				6DBA14BDF0D070950EE31645 /* Providers */,
				9AF583FA1B0FD9CFA34B4D49 /* Resources */,
				60AFB1DA83F71C671F9F5BE5 /* Sync */,
				4E5460F43DB545B2D4750940 /* UI */,
				EDC85A5CC2E8DE675931355A /* Web */,
			);
			path = Glyphline;
			sourceTree = "<group>";
		};
		4E5460F43DB545B2D4750940 /* UI */ = {
			isa = PBXGroup;
			children = (
				65C301199FDCC9595DC906A9 /* AccountSummaryFormatting.swift */,
				CBDCA09F2919D27BE31E10C4 /* QuotaBarRowView.swift */,
				B520B6C053C48D490AB06E62 /* QuotaIndicator.swift */,
				5753188AA94D0628F3679A13 /* Accounts */,
				13A80FAF108D5835B140ED5C /* Agentverse */,
				8458A42F1F06D2B392B0FC4F /* Dashboard */,
				F1B2F67B911241E4BFE4CFEB /* MenuBar */,
				9F6DE687DF84CC3578391EEA /* Settings */,
				1269EAD23D095D8AD16E7D9B /* Statistics */,
			);
			path = UI;
			sourceTree = "<group>";
		};
		5753188AA94D0628F3679A13 /* Accounts */ = {
			isa = PBXGroup;
			children = (
				93FBE86612C30FFEEC2EE1FD /* AccountDeletionFormatting.swift */,
				F06FF5203E4C15863CAB3EE3 /* AccountsView.swift */,
				A81C1F539EBD6824C59FADB0 /* AddAccountFlow.swift */,
				A63DE4BE6B1E5DD6EBDEC233 /* AddAccountView.swift */,
				102E19DF99EBAC8A3C8BDC32 /* ClaudeSignInWindow.swift */,
				ACD9B71050B5FCC82923CDC9 /* DeleteAccountFlow.swift */,
			);
			path = Accounts;
			sourceTree = "<group>";
		};
		60AFB1DA83F71C671F9F5BE5 /* Sync */ = {
			isa = PBXGroup;
			children = (
				1A12C10E9B329DC6D4E86D94 /* ProviderAdapterRegistry.swift */,
				B16B2551C7AF4DA8A614935E /* QuotaNotifier.swift */,
				C65F3F058519D3D6E8B2C8CE /* SyncCoordinator.swift */,
			);
			path = Sync;
			sourceTree = "<group>";
		};
		6DBA14BDF0D070950EE31645 /* Providers */ = {
			isa = PBXGroup;
			children = (
				C052559758FF74B410700F49 /* RateWindowSource.swift */,
				DD3F0B9591EAE5831285A5C5 /* Claude */,
				08B9C25251423093B49F7CA2 /* Fixtures */,
			);
			path = Providers;
			sourceTree = "<group>";
		};
		77E23283691887695B872732 /* Pricing */ = {
			isa = PBXGroup;
			children = (
				B258111FCCAE74A8FC95B9FF /* CostEstimator.swift */,
				297662193FBB25AD8305E87D /* LocalUsageStatistics.swift */,
				2D596EC370B13AA593C32D79 /* PricingCatalog.swift */,
			);
			path = Pricing;
			sourceTree = "<group>";
		};
		82636854C35E5C5CD4E44549 /* GlyphlineTests */ = {
			isa = PBXGroup;
			children = (
				97C425B4A5612D534BA5FECC /* AccountCredentialReferenceTests.swift */,
				346DE5E32009926B52DF6DC4 /* AccountDeletionFormattingTests.swift */,
				224A62075870B8FAF84E2274 /* AccountDeletionStoreTests.swift */,
				849077EF726D5E3F756B4805 /* AccountSummaryFormattingTests.swift */,
				40D313DABDF65EC1DBCADDBD /* AddAccountFlowTests.swift */,
				6DDC448405B7A5F2656A0419 /* AgentRowTests.swift */,
				9BD3C2C540C231D67EC5F063 /* AgentSessionScannerTests.swift */,
				EB6486F570B1DA77ACCB5458 /* AgentverseCoordinatorTests.swift */,
				C9AD08F137C04548B835D868 /* AgentverseModelTests.swift */,
				A452BABCF11A72A0A23A41AE /* AgentverseParkedStoreTests.swift */,
				A8753659B8C311D8F1103166 /* AgentverseWindowTests.swift */,
				347CEC22ED71F6DCC815DB03 /* AppModeTests.swift */,
				BD5F66FB95D8BBD93EFCBE00 /* AppSettingsStoreTests.swift */,
				919CF627AF46F1C143EA18B9 /* ClaudeCodeLogReaderTests.swift */,
				8A44B6050C0E139657C97014 /* ClaudeOrganizationsDTOsTests.swift */,
				4FF23487330689CD09F72F59 /* ClaudeTranscriptReaderTests.swift */,
				E78959ED32C99389D71E836A /* ClaudeUsageQuotaDTOsTests.swift */,
				28A51A602B459C74D5B7B379 /* ClaudeWebResponseClassifierTests.swift */,
				CAB6B58FFD4950C915812BC0 /* ClaudeWebSessionStoreTests.swift */,
				D10078AD9B1875C460A90C37 /* CostEstimatorTests.swift */,
				FF76F68273B2AD4088C657D5 /* DatabaseQueueFactoryTests.swift */,
				8E897587F3639B71FA29F250 /* DeleteAccountFlowTests.swift */,
				412F5489EA0C8B4EE160128C /* GlyphlineSmokeTests.swift */,
				89EEFE279720CAF7CA13AEB0 /* KeychainStoreTests.swift */,
				FA3C1D8E770A657CE4E29EF0 /* LedgerStoreTests.swift */,
				2D061EE64EFE518EB86B8570 /* LocalTokenUsageStoreTests.swift */,
				0D31897CD1062193BF63AE80 /* LocalUsagePeriodTests.swift */,
				8ACB43E390F384515433FB04 /* LocalUsageStatisticsTests.swift */,
				38CEA8D84FAB5879F7C9B70E /* MigrationTests.swift */,
				55BA8694018F37636CBB9BF7 /* MoneyAmountTests.swift */,
				65F46725420D301A64582EF6 /* ProviderAdapterRegistryTests.swift */,
				B966305CF54AAA51888A2FC0 /* QuotaIndicatorTests.swift */,
				11D41DE98E9E03A2433764CC /* RateWindowSourceTests.swift */,
				1923CB6870F90CE15FC576F9 /* RateWindowStoreTests.swift */,
				CA6C8BEB41F3B3EE32D28A76 /* RateWindowTests.swift */,
				80ED211E069178416163921B /* SceneLightTests.swift */,
				B5287B8477F8EF75ABA938B2 /* SnapshotSummaryTests.swift */,
				F4E1FE1146583F38A8203043 /* SunPositionTests.swift */,
				AB71829869D2BDC5C53A536A /* SyncCoordinatorLocalUsageTests.swift */,
				62C5666D45C5D74DC69F722E /* SyncCoordinatorTests.swift */,
				6038A4E395A2847039481F0D /* UsageModelsTests.swift */,
				8436B59B839E014CC6FDD206 /* UserPlaceTests.swift */,
				E098575A9DAE4BCF0C1DB381 /* WeatherServiceTests.swift */,
				95CD64829F4A19BE7CB0CACB /* Fixtures */,
			);
			path = GlyphlineTests;
			sourceTree = "<group>";
		};
		8458A42F1F06D2B392B0FC4F /* Dashboard */ = {
			isa = PBXGroup;
			children = (
				69F038C1101F3228D2C607FB /* DashboardView.swift */,
			);
			path = Dashboard;
			sourceTree = "<group>";
		};
		882DE433E3DD2C70B4CD6E0A /* App */ = {
			isa = PBXGroup;
			children = (
				64891BE57A59E15EEFF1CD5F /* AppActivationController.swift */,
				12E48ACC872A23A3B329B354 /* AppMode.swift */,
				7E78F87ED03A83F2D193EF8B /* AppSettingsStore.swift */,
			);
			path = App;
			sourceTree = "<group>";
		};
		95CD64829F4A19BE7CB0CACB /* Fixtures */ = {
			isa = PBXGroup;
			children = (
				115EF78DDBF22BE7B267CE5B /* claude-usage-minimal.json */,
				71F686E68C6AD2A919ECD797 /* claude-usage.json */,
			);
			path = Fixtures;
			sourceTree = "<group>";
		};
		9AF583FA1B0FD9CFA34B4D49 /* Resources */ = {
			isa = PBXGroup;
			children = (
				3B1D47E3EFDB4A47186A23AF /* .gitkeep */,
				C1291754346ED094133AE0E6 /* pricing-v1.json */,
				F7E41CF08357DEC111ECE205 /* timezone-places.json */,
			);
			path = Resources;
			sourceTree = "<group>";
		};
		9F6DE687DF84CC3578391EEA /* Settings */ = {
			isa = PBXGroup;
			children = (
				68867B1F76ECF4DE1E6FA098 /* SettingsView.swift */,
			);
			path = Settings;
			sourceTree = "<group>";
		};
		A158D1E3705ED0DEAF67B509 = {
			isa = PBXGroup;
			children = (
				446777FFD7CAA970CB7479AC /* Glyphline */,
				82636854C35E5C5CD4E44549 /* GlyphlineTests */,
				A9CC8BD0882A481B4570CC94 /* Products */,
			);
			sourceTree = "<group>";
		};
		A9CC8BD0882A481B4570CC94 /* Products */ = {
			isa = PBXGroup;
			children = (
				5925F83C461A2E9765557F05 /* Glyphline.app */,
				8C7EFBFB9C39E2FB8C3A9072 /* GlyphlineTests.xctest */,
			);
			name = Products;
			sourceTree = "<group>";
		};
		BADB60B468F1FBD0DA29327C /* Credentials */ = {
			isa = PBXGroup;
			children = (
				BA3B73CA5CAB2E184CE9154D /* KeychainStore.swift */,
			);
			path = Credentials;
			sourceTree = "<group>";
		};
		DD3F0B9591EAE5831285A5C5 /* Claude */ = {
			isa = PBXGroup;
			children = (
				7B784EDCB98F4CFE937F3132 /* ClaudeCodeLogReader.swift */,
				24490E8A33CB8C3CE1EFFAA3 /* ClaudeOrganizationsDTOs.swift */,
				3610A69A0253B7E24D442A3C /* ClaudeTranscriptDirectory.swift */,
				8EB4CDCE71718F453A076C59 /* ClaudeTranscriptReader.swift */,
				D968A135D66AE439311BECFE /* ClaudeUsageQuotaDTOs.swift */,
				15AE8CE25E9DFB53944DBD13 /* ClaudeWebQuotaSource.swift */,
				383FF44EC0D7B7C405AE465B /* ClaudeWebResponseClassifier.swift */,
				86370203C13C77899EEB6DA7 /* TranscriptTimestampParser.swift */,
			);
			path = Claude;
			sourceTree = "<group>";
		};
		E5E9B6E9F94115F5FF5131D5 /* Ledger */ = {
			isa = PBXGroup;
			children = (
				A9430FC958CF84944A796120 /* DatabaseQueueFactory.swift */,
				461DE0E81EA86DEF3F3E1A47 /* LedgerStore.swift */,
				E2ACCDCE077861E9661ECBFF /* LedgerStoreFactory.swift */,
				979B2CFA8C52D4A2693A102A /* Migrations.swift */,
			);
			path = Ledger;
			sourceTree = "<group>";
		};
		EDC85A5CC2E8DE675931355A /* Web */ = {
			isa = PBXGroup;
			children = (
				C15E082BDAB475C5EB9759CE /* ClaudeWebPageLoader.swift */,
				0D5247CB250C44F5D5A195E8 /* ClaudeWebSessionStore.swift */,
			);
			path = Web;
			sourceTree = "<group>";
		};
		F1B2F67B911241E4BFE4CFEB /* MenuBar */ = {
			isa = PBXGroup;
			children = (
				BB947F271F18142FE2CD64DB /* MenuBarView.swift */,
			);
			path = MenuBar;
			sourceTree = "<group>";
		};
/* End PBXGroup section */

/* Begin PBXNativeTarget section */
		111A2208B4BB7CCE3CC335B7 /* GlyphlineTests */ = {
			isa = PBXNativeTarget;
			buildConfigurationList = 8F43F0F3ECAD68FD0FFC8DBC /* Build configuration list for PBXNativeTarget "GlyphlineTests" */;
			buildPhases = (
				5D9122E048D93A646AE1BC6D /* Sources */,
				67028E09BA1C9E1D034C26B9 /* Resources */,
			);
			buildRules = (
			);
			dependencies = (
				D91713734A1D602477068688 /* PBXTargetDependency */,
			);
			name = GlyphlineTests;
			packageProductDependencies = (
			);
			productName = GlyphlineTests;
			productReference = 8C7EFBFB9C39E2FB8C3A9072 /* GlyphlineTests.xctest */;
			productType = "com.apple.product-type.bundle.unit-test";
		};
		E61E4F4E6C3927C0F5FC0C74 /* Glyphline */ = {
			isa = PBXNativeTarget;
			buildConfigurationList = 7ECA3EDDF904907CFD8A0E7F /* Build configuration list for PBXNativeTarget "Glyphline" */;
			buildPhases = (
				8B934CFA14F28837BF39AA69 /* Sources */,
				8CABBA24606F0019D549A115 /* Resources */,
				7EE267B68A192C31885642F4 /* Frameworks */,
			);
			buildRules = (
			);
			dependencies = (
			);
			name = Glyphline;
			packageProductDependencies = (
				C1D17CF7506CDB47E08BD82A /* GRDB */,
			);
			productName = Glyphline;
			productReference = 5925F83C461A2E9765557F05 /* Glyphline.app */;
			productType = "com.apple.product-type.application";
		};
/* End PBXNativeTarget section */

/* Begin PBXProject section */
		9BAB3BFDF8B40359C788F3EC /* Project object */ = {
			isa = PBXProject;
			attributes = {
				BuildIndependentTargetsInParallel = YES;
				LastUpgradeCheck = 1430;
				TargetAttributes = {
					111A2208B4BB7CCE3CC335B7 = {
						DevelopmentTeam = 7YN7YUH475;
						ProvisioningStyle = Automatic;
					};
					E61E4F4E6C3927C0F5FC0C74 = {
						DevelopmentTeam = 7YN7YUH475;
						ProvisioningStyle = Automatic;
					};
				};
			};
			buildConfigurationList = 3D1D28D4A0AC405605CC1CDB /* Build configuration list for PBXProject "Glyphline" */;
			developmentRegion = en;
			hasScannedForEncodings = 0;
			knownRegions = (
				Base,
				en,
			);
			mainGroup = A158D1E3705ED0DEAF67B509;
			minimizedProjectReferenceProxies = 1;
			packageReferences = (
				9894883FBBDB05A3DDFAA240 /* XCRemoteSwiftPackageReference "GRDB.swift" */,
			);
			preferredProjectObjectVersion = 77;
			productRefGroup = A9CC8BD0882A481B4570CC94 /* Products */;
			projectDirPath = "";
			projectRoot = "";
			targets = (
				E61E4F4E6C3927C0F5FC0C74 /* Glyphline */,
				111A2208B4BB7CCE3CC335B7 /* GlyphlineTests */,
			);
		};
/* End PBXProject section */

/* Begin PBXResourcesBuildPhase section */
		67028E09BA1C9E1D034C26B9 /* Resources */ = {
			isa = PBXResourcesBuildPhase;
			buildActionMask = 2147483647;
			files = (
				B3F171351A59C208FD3AF3F4 /* claude-usage-minimal.json in Resources */,
				F731A9E0E7F227918984E8BA /* claude-usage.json in Resources */,
			);
			runOnlyForDeploymentPostprocessing = 0;
		};
		8CABBA24606F0019D549A115 /* Resources */ = {
			isa = PBXResourcesBuildPhase;
			buildActionMask = 2147483647;
			files = (
				766ABBB2FCCB0CD85F4280B9 /* Assets.xcassets in Resources */,
				F1C14BF4C9F663FD03819DAA /* pricing-v1.json in Resources */,
				040125B0318A3CB8CF66A313 /* timezone-places.json in Resources */,
			);
			runOnlyForDeploymentPostprocessing = 0;
		};
/* End PBXResourcesBuildPhase section */

/* Begin PBXSourcesBuildPhase section */
		5D9122E048D93A646AE1BC6D /* Sources */ = {
			isa = PBXSourcesBuildPhase;
			buildActionMask = 2147483647;
			files = (
				63F14DB500EC723BCB61AB44 /* AccountCredentialReferenceTests.swift in Sources */,
				9781D3AFE9D9ED610186CCBB /* AccountDeletionFormattingTests.swift in Sources */,
				18FAA7AC1EAAEBCD3D16EC0C /* AccountDeletionStoreTests.swift in Sources */,
				314BE108752F760302660DC4 /* AccountSummaryFormattingTests.swift in Sources */,
				72517151B7BCCE3BC2748539 /* AddAccountFlowTests.swift in Sources */,
				5D6CC45BF8A924FA46602063 /* AgentRowTests.swift in Sources */,
				54B04C19F46485890B8DC28B /* AgentSessionScannerTests.swift in Sources */,
				91A12D7EBAEDB4A0211E86FB /* AgentverseCoordinatorTests.swift in Sources */,
				DF165E242EA15AA2635A186F /* AgentverseModelTests.swift in Sources */,
				6C8F31A87FCB44BF844C8E11 /* AgentverseParkedStoreTests.swift in Sources */,
				017DFB509A44E6251A8B0684 /* AgentverseWindowTests.swift in Sources */,
				1F057127236C7C74BCADB639 /* AppModeTests.swift in Sources */,
				29DAC97DF9CC2CB3A0D01784 /* AppSettingsStoreTests.swift in Sources */,
				A385281B699E65EE57FD572E /* ClaudeCodeLogReaderTests.swift in Sources */,
				05B13717448F689D010D286A /* ClaudeOrganizationsDTOsTests.swift in Sources */,
				4580994BD2175DB995365DF5 /* ClaudeTranscriptReaderTests.swift in Sources */,
				FB25B96A420EF574188F6447 /* ClaudeUsageQuotaDTOsTests.swift in Sources */,
				23BFBC7149C0F420E8F4C6AE /* ClaudeWebResponseClassifierTests.swift in Sources */,
				2476C4431D917C70FF6241F3 /* ClaudeWebSessionStoreTests.swift in Sources */,
				59022EBC301F5B43468F886F /* CostEstimatorTests.swift in Sources */,
				15BF5AF96B128FB27308844A /* DatabaseQueueFactoryTests.swift in Sources */,
				C7D043D534497E4E92F09CF5 /* DeleteAccountFlowTests.swift in Sources */,
				68A1F885C4A8FF2F2D947648 /* GlyphlineSmokeTests.swift in Sources */,
				6F6854805AD8B45E9AB095BA /* KeychainStoreTests.swift in Sources */,
				94709AE6F65A1DC6E85EADAE /* LedgerStoreTests.swift in Sources */,
				315AA4ACC25D2F08B4DA83CA /* LocalTokenUsageStoreTests.swift in Sources */,
				FD2E6B0D841CAF9F824F9BB8 /* LocalUsagePeriodTests.swift in Sources */,
				DB6A9090D4D818A7DA838E14 /* LocalUsageStatisticsTests.swift in Sources */,
				FE115011C319F621E5E47A5E /* MigrationTests.swift in Sources */,
				E9F07FC2418C6707018C3666 /* MoneyAmountTests.swift in Sources */,
				7689725CCEE34D9A6EC7ACE1 /* ProviderAdapterRegistryTests.swift in Sources */,
				47DFD6941E6389FBFA591FDA /* QuotaIndicatorTests.swift in Sources */,
				05ADA18D2E958FB3A3558030 /* RateWindowSourceTests.swift in Sources */,
				9442C7847482BDAC9B50C660 /* RateWindowStoreTests.swift in Sources */,
				F56211A4FDCF96FDAFB59C92 /* RateWindowTests.swift in Sources */,
				D2B18F77CE6A271F859A2598 /* SceneLightTests.swift in Sources */,
				AC776B32695D0B125B30B305 /* SnapshotSummaryTests.swift in Sources */,
				84A54ADAC7F03FF978AB6A90 /* SunPositionTests.swift in Sources */,
				383C6EC1087E7FC1D05F6919 /* SyncCoordinatorLocalUsageTests.swift in Sources */,
				AA9559C25108258EBA10DC8A /* SyncCoordinatorTests.swift in Sources */,
				B8B5DF46E5F52175C3B0C9F8 /* UsageModelsTests.swift in Sources */,
				DD2396AD5BE685E977AB9FAD /* UserPlaceTests.swift in Sources */,
				798F27EB96BD8D11CAF2AEE8 /* WeatherServiceTests.swift in Sources */,
			);
			runOnlyForDeploymentPostprocessing = 0;
		};
		8B934CFA14F28837BF39AA69 /* Sources */ = {
			isa = PBXSourcesBuildPhase;
			buildActionMask = 2147483647;
			files = (
				9FEB70E4EF62958B3969ABFF /* Account.swift in Sources */,
				56B7FB0376CEC3F26127F083 /* AccountCredentialReference.swift in Sources */,
				E26E4CED2DF7349EFDE10AEA /* AccountDeletionFormatting.swift in Sources */,
				50DE389F4361F81A9F3BBAE6 /* AccountSummaryFormatting.swift in Sources */,
				4A2D3A3FE1C0266B2765FD0F /* AccountsView.swift in Sources */,
				7EE1E0DD0196D6F33CE6E4CE /* AddAccountFlow.swift in Sources */,
				B838F331BD89C2B524410914 /* AddAccountView.swift in Sources */,
				89083040759B4E9DD781F4C4 /* AgentRow.swift in Sources */,
				36548FF69B18205F3FA28F1D /* AgentSession.swift in Sources */,
				14D0B598D9BBA709C48BEED0 /* AgentSessionScanner.swift in Sources */,
				7BB34FDDD9F07754C4B60EF3 /* AgentverseCoordinator.swift in Sources */,
				C0976190599A88D6F50D380D /* AgentverseModel.swift in Sources */,
				B478D06C9EC6D212E0D7EE98 /* AgentverseScene.swift in Sources */,
				7A236834E440289A3C2FB2CD /* AgentverseWindow.swift in Sources */,
				37CFE0A06075136004EBA62F /* AppActivationController.swift in Sources */,
				BE2B9EEEA941F5F4FDD5FDEA /* AppMode.swift in Sources */,
				2BDACE3AAE0A202FCB9520BC /* AppSettingsStore.swift in Sources */,
				0909C91D5EE4CE808530935F /* ClaudeCodeLogReader.swift in Sources */,
				FA0E6D06248BF58C8ECC4787 /* ClaudeOrganizationsDTOs.swift in Sources */,
				8A832CA3F523AE02FFE88010 /* ClaudeSignInWindow.swift in Sources */,
				61A64256A40AD32B70B05AE0 /* ClaudeTranscriptDirectory.swift in Sources */,
				074A23E34F366B500EF9F464 /* ClaudeTranscriptReader.swift in Sources */,
				4B7EBD39F79A2025162639DB /* ClaudeUsageQuotaDTOs.swift in Sources */,
				16167AD4341FB1BA1C1D551E /* ClaudeWebPageLoader.swift in Sources */,
				B61E521F9859F0DA80A53702 /* ClaudeWebQuotaSource.swift in Sources */,
				8B5E7D6A51CECD50DB78F10B /* ClaudeWebResponseClassifier.swift in Sources */,
				E87053D134E5E5BCF23BD177 /* ClaudeWebSessionStore.swift in Sources */,
				EE496A4425EF2D3826391753 /* CostEstimator.swift in Sources */,
				AEE77B35497B4D068C0E2FA5 /* DashboardView.swift in Sources */,
				02E55AFA00BD9CCB7061CBD2 /* DatabaseQueueFactory.swift in Sources */,
				4A04C9AD097C14F72D139441 /* DeleteAccountFlow.swift in Sources */,
				6B55AE689CFB20F2FC81320A /* FixtureRateWindowSource.swift in Sources */,
				6D737C47EC2A7E6325625A55 /* GlyphlineApp.swift in Sources */,
				A578DC0E93318FDA5872EA0B /* KeychainStore.swift in Sources */,
				B85CA610DA5E8BBC7879D1CD /* LedgerStore.swift in Sources */,
				CAE25CBB5FB46C3D44E6BD64 /* LedgerStoreFactory.swift in Sources */,
				8AC1E001A95AA9B2390855B8 /* LocalUsagePeriod.swift in Sources */,
				17A602A14DA23148EB4494DC /* LocalUsageStatistics.swift in Sources */,
				2A7289DD211158D42C26C9DE /* MenuBarView.swift in Sources */,
				81A31CCE7A84A8263856A8DC /* Migrations.swift in Sources */,
				1D1137DB62EEA16A172F4F1D /* MoneyAmount.swift in Sources */,
				28C11321FB7E815ECD239AE1 /* PricingCatalog.swift in Sources */,
				4B96E1ED4A37D89F3DB7A844 /* ProviderAdapterRegistry.swift in Sources */,
				42DA56777FC9BBAD2671DB97 /* ProviderID.swift in Sources */,
				380A032B21975B0786C28EB0 /* QuotaBarRowView.swift in Sources */,
				3B32AAF07D8E919F7FEC6852 /* QuotaIndicator.swift in Sources */,
				4116A5BE773935FFD1910B9F /* QuotaNotifier.swift in Sources */,
				8A0A7176801705F955EB4B5C /* RateWindow.swift in Sources */,
				8A3BE7918F84E156A45F3259 /* RateWindowSource.swift in Sources */,
				2F9FA3A87CCE4D32C5E562FB /* SceneLight.swift in Sources */,
				C188981DAC4E75CE72DC3B58 /* SettingsView.swift in Sources */,
				B077494A20202025E2ABBE46 /* SnapshotIdentity.swift in Sources */,
				BE564013C16C892F7848C0AA /* StatisticsView.swift in Sources */,
				6AA0FC8F5FB21FA7852CEBAB /* SunPosition.swift in Sources */,
				771EDD480CF8D227507CB099 /* SyncCoordinator.swift in Sources */,
				E911DAA860CC70539901ED44 /* TranscriptTimestampParser.swift in Sources */,
				D8B77926E2F0A8CA8B0916E2 /* UsageModels.swift in Sources */,
				5B80D237FF5A7B0A61F4AFCA /* UserPlace.swift in Sources */,
				E070D0F406645BA4C9DDA77A /* WeatherService.swift in Sources */,
				8D9EA1487B3C0A416574EBBC /* WindowOcclusionReader.swift in Sources */,
			);
			runOnlyForDeploymentPostprocessing = 0;
		};
/* End PBXSourcesBuildPhase section */

/* Begin PBXTargetDependency section */
		D91713734A1D602477068688 /* PBXTargetDependency */ = {
			isa = PBXTargetDependency;
			target = E61E4F4E6C3927C0F5FC0C74 /* Glyphline */;
			targetProxy = 68FDA82D04ED14A5048198A7 /* PBXContainerItemProxy */;
		};
/* End PBXTargetDependency section */

/* Begin XCBuildConfiguration section */
		0DAB31093AB0C6F6198F9743 /* Release */ = {
			isa = XCBuildConfiguration;
			buildSettings = {
				ASSETCATALOG_COMPILER_APPICON_NAME = AppIcon;
				CODE_SIGN_STYLE = Automatic;
				COMBINE_HIDPI_IMAGES = YES;
				CURRENT_PROJECT_VERSION = 1;
				DEVELOPMENT_TEAM = 7YN7YUH475;
				ENABLE_HARDENED_RUNTIME = YES;
				INFOPLIST_FILE = Glyphline/Info.plist;
				LD_RUNPATH_SEARCH_PATHS = (
					"$(inherited)",
					"@executable_path/../Frameworks",
				);
				MACOSX_DEPLOYMENT_TARGET = 14.0;
				MARKETING_VERSION = 1.0;
				PRODUCT_BUNDLE_IDENTIFIER = com.marcoscheffler.glyphline;
				SDKROOT = macosx;
				SWIFT_VERSION = 6.0;
			};
			name = Release;
		};
		50DE71EF432737F7B6845E6F /* Debug */ = {
			isa = XCBuildConfiguration;
			buildSettings = {
				ALWAYS_SEARCH_USER_PATHS = NO;
				CLANG_ANALYZER_NONNULL = YES;
				CLANG_ANALYZER_NUMBER_OBJECT_CONVERSION = YES_AGGRESSIVE;
				CLANG_CXX_LANGUAGE_STANDARD = "gnu++14";
				CLANG_CXX_LIBRARY = "libc++";
				CLANG_ENABLE_MODULES = YES;
				CLANG_ENABLE_OBJC_ARC = YES;
				CLANG_ENABLE_OBJC_WEAK = YES;
				CLANG_WARN_BLOCK_CAPTURE_AUTORELEASING = YES;
				CLANG_WARN_BOOL_CONVERSION = YES;
				CLANG_WARN_COMMA = YES;
				CLANG_WARN_CONSTANT_CONVERSION = YES;
				CLANG_WARN_DEPRECATED_OBJC_IMPLEMENTATIONS = YES;
				CLANG_WARN_DIRECT_OBJC_ISA_USAGE = YES_ERROR;
				CLANG_WARN_DOCUMENTATION_COMMENTS = YES;
				CLANG_WARN_EMPTY_BODY = YES;
				CLANG_WARN_ENUM_CONVERSION = YES;
				CLANG_WARN_INFINITE_RECURSION = YES;
				CLANG_WARN_INT_CONVERSION = YES;
				CLANG_WARN_NON_LITERAL_NULL_CONVERSION = YES;
				CLANG_WARN_OBJC_IMPLICIT_RETAIN_SELF = YES;
				CLANG_WARN_OBJC_LITERAL_CONVERSION = YES;
				CLANG_WARN_OBJC_ROOT_CLASS = YES_ERROR;
				CLANG_WARN_QUOTED_INCLUDE_IN_FRAMEWORK_HEADER = YES;
				CLANG_WARN_RANGE_LOOP_ANALYSIS = YES;
				CLANG_WARN_STRICT_PROTOTYPES = YES;
				CLANG_WARN_SUSPICIOUS_MOVE = YES;
				CLANG_WARN_UNGUARDED_AVAILABILITY = YES_AGGRESSIVE;
				CLANG_WARN_UNREACHABLE_CODE = YES;
				CLANG_WARN__DUPLICATE_METHOD_MATCH = YES;
				COPY_PHASE_STRIP = NO;
				DEBUG_INFORMATION_FORMAT = dwarf;
				ENABLE_STRICT_OBJC_MSGSEND = YES;
				ENABLE_TESTABILITY = YES;
				GCC_C_LANGUAGE_STANDARD = gnu11;
				GCC_DYNAMIC_NO_PIC = NO;
				GCC_NO_COMMON_BLOCKS = YES;
				GCC_OPTIMIZATION_LEVEL = 0;
				GCC_PREPROCESSOR_DEFINITIONS = (
					"$(inherited)",
					"DEBUG=1",
				);
				GCC_WARN_64_TO_32_BIT_CONVERSION = YES;
				GCC_WARN_ABOUT_RETURN_TYPE = YES_ERROR;
				GCC_WARN_UNDECLARED_SELECTOR = YES;
				GCC_WARN_UNINITIALIZED_AUTOS = YES_AGGRESSIVE;
				GCC_WARN_UNUSED_FUNCTION = YES;
				GCC_WARN_UNUSED_VARIABLE = YES;
				MACOSX_DEPLOYMENT_TARGET = 14.0;
				MTL_ENABLE_DEBUG_INFO = INCLUDE_SOURCE;
				MTL_FAST_MATH = YES;
				ONLY_ACTIVE_ARCH = YES;
				PRODUCT_NAME = "$(TARGET_NAME)";
				SDKROOT = macosx;
				SWIFT_ACTIVE_COMPILATION_CONDITIONS = DEBUG;
				SWIFT_OPTIMIZATION_LEVEL = "-Onone";
				SWIFT_VERSION = 5.0;
			};
			name = Debug;
		};
		52CE44F2F59CE869B4506885 /* Debug */ = {
			isa = XCBuildConfiguration;
			buildSettings = {
				BUNDLE_LOADER = "$(TEST_HOST)";
				CODE_SIGN_STYLE = Automatic;
				COMBINE_HIDPI_IMAGES = YES;
				DEVELOPMENT_TEAM = 7YN7YUH475;
				GENERATE_INFOPLIST_FILE = YES;
				LD_RUNPATH_SEARCH_PATHS = (
					"$(inherited)",
					"@executable_path/../Frameworks",
					"@loader_path/../Frameworks",
				);
				MACOSX_DEPLOYMENT_TARGET = 14.0;
				SDKROOT = macosx;
				SWIFT_VERSION = 6.0;
				TEST_HOST = "$(BUILT_PRODUCTS_DIR)/Glyphline.app/Contents/MacOS/Glyphline";
			};
			name = Debug;
		};
		549CF248B85357A89FA4AF48 /* Debug */ = {
			isa = XCBuildConfiguration;
			buildSettings = {
				ASSETCATALOG_COMPILER_APPICON_NAME = AppIcon;
				CODE_SIGN_STYLE = Automatic;
				COMBINE_HIDPI_IMAGES = YES;
				CURRENT_PROJECT_VERSION = 1;
				DEVELOPMENT_TEAM = 7YN7YUH475;
				ENABLE_HARDENED_RUNTIME = YES;
				INFOPLIST_FILE = Glyphline/Info.plist;
				LD_RUNPATH_SEARCH_PATHS = (
					"$(inherited)",
					"@executable_path/../Frameworks",
				);
				MACOSX_DEPLOYMENT_TARGET = 14.0;
				MARKETING_VERSION = 1.0;
				PRODUCT_BUNDLE_IDENTIFIER = com.marcoscheffler.glyphline;
				SDKROOT = macosx;
				SWIFT_VERSION = 6.0;
			};
			name = Debug;
		};
		6C1F91D4DC3B0CEA50A218D6 /* Release */ = {
			isa = XCBuildConfiguration;
			buildSettings = {
				BUNDLE_LOADER = "$(TEST_HOST)";
				CODE_SIGN_STYLE = Automatic;
				COMBINE_HIDPI_IMAGES = YES;
				DEVELOPMENT_TEAM = 7YN7YUH475;
				GENERATE_INFOPLIST_FILE = YES;
				LD_RUNPATH_SEARCH_PATHS = (
					"$(inherited)",
					"@executable_path/../Frameworks",
					"@loader_path/../Frameworks",
				);
				MACOSX_DEPLOYMENT_TARGET = 14.0;
				SDKROOT = macosx;
				SWIFT_VERSION = 6.0;
				TEST_HOST = "$(BUILT_PRODUCTS_DIR)/Glyphline.app/Contents/MacOS/Glyphline";
			};
			name = Release;
		};
		738E27D453B44C1C6A293C4E /* Release */ = {
			isa = XCBuildConfiguration;
			buildSettings = {
				ALWAYS_SEARCH_USER_PATHS = NO;
				CLANG_ANALYZER_NONNULL = YES;
				CLANG_ANALYZER_NUMBER_OBJECT_CONVERSION = YES_AGGRESSIVE;
				CLANG_CXX_LANGUAGE_STANDARD = "gnu++14";
				CLANG_CXX_LIBRARY = "libc++";
				CLANG_ENABLE_MODULES = YES;
				CLANG_ENABLE_OBJC_ARC = YES;
				CLANG_ENABLE_OBJC_WEAK = YES;
				CLANG_WARN_BLOCK_CAPTURE_AUTORELEASING = YES;
				CLANG_WARN_BOOL_CONVERSION = YES;
				CLANG_WARN_COMMA = YES;
				CLANG_WARN_CONSTANT_CONVERSION = YES;
				CLANG_WARN_DEPRECATED_OBJC_IMPLEMENTATIONS = YES;
				CLANG_WARN_DIRECT_OBJC_ISA_USAGE = YES_ERROR;
				CLANG_WARN_DOCUMENTATION_COMMENTS = YES;
				CLANG_WARN_EMPTY_BODY = YES;
				CLANG_WARN_ENUM_CONVERSION = YES;
				CLANG_WARN_INFINITE_RECURSION = YES;
				CLANG_WARN_INT_CONVERSION = YES;
				CLANG_WARN_NON_LITERAL_NULL_CONVERSION = YES;
				CLANG_WARN_OBJC_IMPLICIT_RETAIN_SELF = YES;
				CLANG_WARN_OBJC_LITERAL_CONVERSION = YES;
				CLANG_WARN_OBJC_ROOT_CLASS = YES_ERROR;
				CLANG_WARN_QUOTED_INCLUDE_IN_FRAMEWORK_HEADER = YES;
				CLANG_WARN_RANGE_LOOP_ANALYSIS = YES;
				CLANG_WARN_STRICT_PROTOTYPES = YES;
				CLANG_WARN_SUSPICIOUS_MOVE = YES;
				CLANG_WARN_UNGUARDED_AVAILABILITY = YES_AGGRESSIVE;
				CLANG_WARN_UNREACHABLE_CODE = YES;
				CLANG_WARN__DUPLICATE_METHOD_MATCH = YES;
				COPY_PHASE_STRIP = NO;
				DEBUG_INFORMATION_FORMAT = "dwarf-with-dsym";
				ENABLE_NS_ASSERTIONS = NO;
				ENABLE_STRICT_OBJC_MSGSEND = YES;
				GCC_C_LANGUAGE_STANDARD = gnu11;
				GCC_NO_COMMON_BLOCKS = YES;
				GCC_WARN_64_TO_32_BIT_CONVERSION = YES;
				GCC_WARN_ABOUT_RETURN_TYPE = YES_ERROR;
				GCC_WARN_UNDECLARED_SELECTOR = YES;
				GCC_WARN_UNINITIALIZED_AUTOS = YES_AGGRESSIVE;
				GCC_WARN_UNUSED_FUNCTION = YES;
				GCC_WARN_UNUSED_VARIABLE = YES;
				MACOSX_DEPLOYMENT_TARGET = 14.0;
				MTL_ENABLE_DEBUG_INFO = NO;
				MTL_FAST_MATH = YES;
				PRODUCT_NAME = "$(TARGET_NAME)";
				SDKROOT = macosx;
				SWIFT_COMPILATION_MODE = wholemodule;
				SWIFT_OPTIMIZATION_LEVEL = "-O";
				SWIFT_VERSION = 5.0;
			};
			name = Release;
		};
/* End XCBuildConfiguration section */

/* Begin XCConfigurationList section */
		3D1D28D4A0AC405605CC1CDB /* Build configuration list for PBXProject "Glyphline" */ = {
			isa = XCConfigurationList;
			buildConfigurations = (
				50DE71EF432737F7B6845E6F /* Debug */,
				738E27D453B44C1C6A293C4E /* Release */,
			);
			defaultConfigurationIsVisible = 0;
			defaultConfigurationName = Debug;
		};
		7ECA3EDDF904907CFD8A0E7F /* Build configuration list for PBXNativeTarget "Glyphline" */ = {
			isa = XCConfigurationList;
			buildConfigurations = (
				549CF248B85357A89FA4AF48 /* Debug */,
				0DAB31093AB0C6F6198F9743 /* Release */,
			);
			defaultConfigurationIsVisible = 0;
			defaultConfigurationName = Debug;
		};
		8F43F0F3ECAD68FD0FFC8DBC /* Build configuration list for PBXNativeTarget "GlyphlineTests" */ = {
			isa = XCConfigurationList;
			buildConfigurations = (
				52CE44F2F59CE869B4506885 /* Debug */,
				6C1F91D4DC3B0CEA50A218D6 /* Release */,
			);
			defaultConfigurationIsVisible = 0;
			defaultConfigurationName = Debug;
		};
/* End XCConfigurationList section */

/* Begin XCRemoteSwiftPackageReference section */
		9894883FBBDB05A3DDFAA240 /* XCRemoteSwiftPackageReference "GRDB.swift" */ = {
			isa = XCRemoteSwiftPackageReference;
			repositoryURL = "https://github.com/groue/GRDB.swift.git";
			requirement = {
				kind = upToNextMajorVersion;
				minimumVersion = 7.0.0;
			};
		};
/* End XCRemoteSwiftPackageReference section */

/* Begin XCSwiftPackageProductDependency section */
		C1D17CF7506CDB47E08BD82A /* GRDB */ = {
			isa = XCSwiftPackageProductDependency;
			package = 9894883FBBDB05A3DDFAA240 /* XCRemoteSwiftPackageReference "GRDB.swift" */;
			productName = GRDB;
		};
/* End XCSwiftPackageProductDependency section */
	};
	rootObject = 9BAB3BFDF8B40359C788F3EC /* Project object */;
}
