// !$*UTF8*$!
{
	archiveVersion = 1;
	classes = {
	};
	objectVersion = 77;
	objects = {

/* Begin PBXBuildFile section */
		2DF42C50602C384C26283736 /* GRDB in Frameworks */ = {isa = PBXBuildFile; productRef = C1D17CF7506CDB47E08BD82A /* GRDB */; };
		68A1F885C4A8FF2F2D947648 /* GlyphlineSmokeTests.swift in Sources */ = {isa = PBXBuildFile; fileRef = 412F5489EA0C8B4EE160128C /* GlyphlineSmokeTests.swift */; };
		6D737C47EC2A7E6325625A55 /* GlyphlineApp.swift in Sources */ = {isa = PBXBuildFile; fileRef = AF10D82C0BBAB350C0D404AB /* GlyphlineApp.swift */; };
		AEE77B35497B4D068C0E2FA5 /* DashboardView.swift in Sources */ = {isa = PBXBuildFile; fileRef = 69F038C1101F3228D2C607FB /* DashboardView.swift */; };
/* End PBXBuildFile section */

/* Begin PBXContainerItemProxy section */
		68FDA82D04ED14A5048198A7 /* PBXContainerItemProxy */ = {
			isa = PBXContainerItemProxy;
			containerPortal = 9BAB3BFDF8B40359C788F3EC /* Project object */;
			proxyType = 1;
			remoteGlobalIDString = E61E4F4E6C3927C0F5FC0C74;
			remoteInfo = Glyphline;
		};
/* End PBXContainerItemProxy section */

/* Begin PBXFileReference section */
		412F5489EA0C8B4EE160128C /* GlyphlineSmokeTests.swift */ = {isa = PBXFileReference; lastKnownFileType = sourcecode.swift; path = GlyphlineSmokeTests.swift; sourceTree = "<group>"; };
		5925F83C461A2E9765557F05 /* Glyphline.app */ = {isa = PBXFileReference; explicitFileType = wrapper.application; includeInIndex = 0; path = Glyphline.app; sourceTree = BUILT_PRODUCTS_DIR; };
		69F038C1101F3228D2C607FB /* DashboardView.swift */ = {isa = PBXFileReference; lastKnownFileType = sourcecode.swift; path = DashboardView.swift; sourceTree = "<group>"; };
		7B39FBF9301271154CF363EE /* Info.plist */ = {isa = PBXFileReference; lastKnownFileType = text.plist; path = Info.plist; sourceTree = "<group>"; };
		8C7EFBFB9C39E2FB8C3A9072 /* GlyphlineTests.xctest */ = {isa = PBXFileReference; explicitFileType = wrapper.cfbundle; includeInIndex = 0; path = GlyphlineTests.xctest; sourceTree = BUILT_PRODUCTS_DIR; };
		AF10D82C0BBAB350C0D404AB /* GlyphlineApp.swift */ = {isa = PBXFileReference; lastKnownFileType = sourcecode.swift; path = GlyphlineApp.swift; sourceTree = "<group>"; };
/* End PBXFileReference section */

/* Begin PBXFrameworksBuildPhase section */
		7EE267B68A192C31885642F4 /* Frameworks */ = {
			isa = PBXFrameworksBuildPhase;
			buildActionMask = 2147483647;
			files = (
				2DF42C50602C384C26283736 /* GRDB in Frameworks */,
			);
			runOnlyForDeploymentPostprocessing = 0;
		};
/* End PBXFrameworksBuildPhase section */

/* Begin PBXGroup section */
		446777FFD7CAA970CB7479AC /* Glyphline */ = {
			isa = PBXGroup;
			children = (
				AF10D82C0BBAB350C0D404AB /* GlyphlineApp.swift */,
				7B39FBF9301271154CF363EE /* Info.plist */,
				4E5460F43DB545B2D4750940 /* UI */,
			);
			path = Glyphline;
			sourceTree = "<group>";
		};
		4E5460F43DB545B2D4750940 /* UI */ = {
			isa = PBXGroup;
			children = (
				8458A42F1F06D2B392B0FC4F /* Dashboard */,
			);
			path = UI;
			sourceTree = "<group>";
		};
		82636854C35E5C5CD4E44549 /* GlyphlineTests */ = {
			isa = PBXGroup;
			children = (
				412F5489EA0C8B4EE160128C /* GlyphlineSmokeTests.swift */,
			);
			path = GlyphlineTests;
			sourceTree = "<group>";
		};
		8458A42F1F06D2B392B0FC4F /* Dashboard */ = {
			isa = PBXGroup;
			children = (
				69F038C1101F3228D2C607FB /* DashboardView.swift */,
			);
			path = Dashboard;
			sourceTree = "<group>";
		};
		A158D1E3705ED0DEAF67B509 = {
			isa = PBXGroup;
			children = (
				446777FFD7CAA970CB7479AC /* Glyphline */,
				82636854C35E5C5CD4E44549 /* GlyphlineTests */,
				A9CC8BD0882A481B4570CC94 /* Products */,
			);
			sourceTree = "<group>";
		};
		A9CC8BD0882A481B4570CC94 /* Products */ = {
			isa = PBXGroup;
			children = (
				5925F83C461A2E9765557F05 /* Glyphline.app */,
				8C7EFBFB9C39E2FB8C3A9072 /* GlyphlineTests.xctest */,
			);
			name = Products;
			sourceTree = "<group>";
		};
/* End PBXGroup section */

/* Begin PBXNativeTarget section */
		111A2208B4BB7CCE3CC335B7 /* GlyphlineTests */ = {
			isa = PBXNativeTarget;
			buildConfigurationList = 8F43F0F3ECAD68FD0FFC8DBC /* Build configuration list for PBXNativeTarget "GlyphlineTests" */;
			buildPhases = (
				5D9122E048D93A646AE1BC6D /* Sources */,
			);
			buildRules = (
			);
			dependencies = (
				D91713734A1D602477068688 /* PBXTargetDependency */,
			);
			name = GlyphlineTests;
			packageProductDependencies = (
			);
			productName = GlyphlineTests;
			productReference = 8C7EFBFB9C39E2FB8C3A9072 /* GlyphlineTests.xctest */;
			productType = "com.apple.product-type.bundle.unit-test";
		};
		E61E4F4E6C3927C0F5FC0C74 /* Glyphline */ = {
			isa = PBXNativeTarget;
			buildConfigurationList = 7ECA3EDDF904907CFD8A0E7F /* Build configuration list for PBXNativeTarget "Glyphline" */;
			buildPhases = (
				8B934CFA14F28837BF39AA69 /* Sources */,
				7EE267B68A192C31885642F4 /* Frameworks */,
			);
			buildRules = (
			);
			dependencies = (
			);
			name = Glyphline;
			packageProductDependencies = (
				C1D17CF7506CDB47E08BD82A /* GRDB */,
			);
			productName = Glyphline;
			productReference = 5925F83C461A2E9765557F05 /* Glyphline.app */;
			productType = "com.apple.product-type.application";
		};
/* End PBXNativeTarget section */

/* Begin PBXProject section */
		9BAB3BFDF8B40359C788F3EC /* Project object */ = {
			isa = PBXProject;
			attributes = {
				BuildIndependentTargetsInParallel = YES;
				LastUpgradeCheck = 1430;
				TargetAttributes = {
					E61E4F4E6C3927C0F5FC0C74 = {
						ProvisioningStyle = Automatic;
					};
				};
			};
			buildConfigurationList = 3D1D28D4A0AC405605CC1CDB /* Build configuration list for PBXProject "Glyphline" */;
			developmentRegion = en;
			hasScannedForEncodings = 0;
			knownRegions = (
				Base,
				en,
			);
			mainGroup = A158D1E3705ED0DEAF67B509;
			minimizedProjectReferenceProxies = 1;
			packageReferences = (
				9894883FBBDB05A3DDFAA240 /* XCRemoteSwiftPackageReference "GRDB.swift" */,
			);
			preferredProjectObjectVersion = 77;
			productRefGroup = A9CC8BD0882A481B4570CC94 /* Products */;
			projectDirPath = "";
			projectRoot = "";
			targets = (
				E61E4F4E6C3927C0F5FC0C74 /* Glyphline */,
				111A2208B4BB7CCE3CC335B7 /* GlyphlineTests */,
			);
		};
/* End PBXProject section */

/* Begin PBXSourcesBuildPhase section */
		5D9122E048D93A646AE1BC6D /* Sources */ = {
			isa = PBXSourcesBuildPhase;
			buildActionMask = 2147483647;
			files = (
				68A1F885C4A8FF2F2D947648 /* GlyphlineSmokeTests.swift in Sources */,
			);
			runOnlyForDeploymentPostprocessing = 0;
		};
		8B934CFA14F28837BF39AA69 /* Sources */ = {
			isa = PBXSourcesBuildPhase;
			buildActionMask = 2147483647;
			files = (
				AEE77B35497B4D068C0E2FA5 /* DashboardView.swift in Sources */,
				6D737C47EC2A7E6325625A55 /* GlyphlineApp.swift in Sources */,
			);
			runOnlyForDeploymentPostprocessing = 0;
		};
/* End PBXSourcesBuildPhase section */

/* Begin PBXTargetDependency section */
		D91713734A1D602477068688 /* PBXTargetDependency */ = {
			isa = PBXTargetDependency;
			target = E61E4F4E6C3927C0F5FC0C74 /* Glyphline */;
			targetProxy = 68FDA82D04ED14A5048198A7 /* PBXContainerItemProxy */;
		};
/* End PBXTargetDependency section */

/* Begin XCBuildConfiguration section */
		0DAB31093AB0C6F6198F9743 /* Release */ = {
			isa = XCBuildConfiguration;
			buildSettings = {
				ASSETCATALOG_COMPILER_APPICON_NAME = AppIcon;
				CODE_SIGN_STYLE = Automatic;
				COMBINE_HIDPI_IMAGES = YES;
				INFOPLIST_FILE = Glyphline/Info.plist;
				LD_RUNPATH_SEARCH_PATHS = (
					"$(inherited)",
					"@executable_path/../Frameworks",
				);
				MACOSX_DEPLOYMENT_TARGET = 14.0;
				PRODUCT_BUNDLE_IDENTIFIER = com.marcoscheffler.glyphline;
				SDKROOT = macosx;
				SWIFT_VERSION = 6.0;
			};
			name = Release;
		};
		50DE71EF432737F7B6845E6F /* Debug */ = {
			isa = XCBuildConfiguration;
			buildSettings = {
				ALWAYS_SEARCH_USER_PATHS = NO;
				CLANG_ANALYZER_NONNULL = YES;
				CLANG_ANALYZER_NUMBER_OBJECT_CONVERSION = YES_AGGRESSIVE;
				CLANG_CXX_LANGUAGE_STANDARD = "gnu++14";
				CLANG_CXX_LIBRARY = "libc++";
				CLANG_ENABLE_MODULES = YES;
				CLANG_ENABLE_OBJC_ARC = YES;
				CLANG_ENABLE_OBJC_WEAK = YES;
				CLANG_WARN_BLOCK_CAPTURE_AUTORELEASING = YES;
				CLANG_WARN_BOOL_CONVERSION = YES;
				CLANG_WARN_COMMA = YES;
				CLANG_WARN_CONSTANT_CONVERSION = YES;
				CLANG_WARN_DEPRECATED_OBJC_IMPLEMENTATIONS = YES;
				CLANG_WARN_DIRECT_OBJC_ISA_USAGE = YES_ERROR;
				CLANG_WARN_DOCUMENTATION_COMMENTS = YES;
				CLANG_WARN_EMPTY_BODY = YES;
				CLANG_WARN_ENUM_CONVERSION = YES;
				CLANG_WARN_INFINITE_RECURSION = YES;
				CLANG_WARN_INT_CONVERSION = YES;
				CLANG_WARN_NON_LITERAL_NULL_CONVERSION = YES;
				CLANG_WARN_OBJC_IMPLICIT_RETAIN_SELF = YES;
				CLANG_WARN_OBJC_LITERAL_CONVERSION = YES;
				CLANG_WARN_OBJC_ROOT_CLASS = YES_ERROR;
				CLANG_WARN_QUOTED_INCLUDE_IN_FRAMEWORK_HEADER = YES;
				CLANG_WARN_RANGE_LOOP_ANALYSIS = YES;
				CLANG_WARN_STRICT_PROTOTYPES = YES;
				CLANG_WARN_SUSPICIOUS_MOVE = YES;
				CLANG_WARN_UNGUARDED_AVAILABILITY = YES_AGGRESSIVE;
				CLANG_WARN_UNREACHABLE_CODE = YES;
				CLANG_WARN__DUPLICATE_METHOD_MATCH = YES;
				COPY_PHASE_STRIP = NO;
				DEBUG_INFORMATION_FORMAT = dwarf;
				ENABLE_STRICT_OBJC_MSGSEND = YES;
				ENABLE_TESTABILITY = YES;
				GCC_C_LANGUAGE_STANDARD = gnu11;
				GCC_DYNAMIC_NO_PIC = NO;
				GCC_NO_COMMON_BLOCKS = YES;
				GCC_OPTIMIZATION_LEVEL = 0;
				GCC_PREPROCESSOR_DEFINITIONS = (
					"$(inherited)",
					"DEBUG=1",
				);
				GCC_WARN_64_TO_32_BIT_CONVERSION = YES;
				GCC_WARN_ABOUT_RETURN_TYPE = YES_ERROR;
				GCC_WARN_UNDECLARED_SELECTOR = YES;
				GCC_WARN_UNINITIALIZED_AUTOS = YES_AGGRESSIVE;
				GCC_WARN_UNUSED_FUNCTION = YES;
				GCC_WARN_UNUSED_VARIABLE = YES;
				MACOSX_DEPLOYMENT_TARGET = 14.0;
				MTL_ENABLE_DEBUG_INFO = INCLUDE_SOURCE;
				MTL_FAST_MATH = YES;
				ONLY_ACTIVE_ARCH = YES;
				PRODUCT_NAME = "$(TARGET_NAME)";
				SDKROOT = macosx;
				SWIFT_ACTIVE_COMPILATION_CONDITIONS = DEBUG;
				SWIFT_OPTIMIZATION_LEVEL = "-Onone";
				SWIFT_VERSION = 5.0;
			};
			name = Debug;
		};
		52CE44F2F59CE869B4506885 /* Debug */ = {
			isa = XCBuildConfiguration;
			buildSettings = {
				BUNDLE_LOADER = "$(TEST_HOST)";
				COMBINE_HIDPI_IMAGES = YES;
				GENERATE_INFOPLIST_FILE = YES;
				LD_RUNPATH_SEARCH_PATHS = (
					"$(inherited)",
					"@executable_path/../Frameworks",
					"@loader_path/../Frameworks",
				);
				MACOSX_DEPLOYMENT_TARGET = 14.0;
				SDKROOT = macosx;
				SWIFT_VERSION = 6.0;
				TEST_HOST = "$(BUILT_PRODUCTS_DIR)/Glyphline.app/Contents/MacOS/Glyphline";
			};
			name = Debug;
		};
		549CF248B85357A89FA4AF48 /* Debug */ = {
			isa = XCBuildConfiguration;
			buildSettings = {
				ASSETCATALOG_COMPILER_APPICON_NAME = AppIcon;
				CODE_SIGN_STYLE = Automatic;
				COMBINE_HIDPI_IMAGES = YES;
				INFOPLIST_FILE = Glyphline/Info.plist;
				LD_RUNPATH_SEARCH_PATHS = (
					"$(inherited)",
					"@executable_path/../Frameworks",
				);
				MACOSX_DEPLOYMENT_TARGET = 14.0;
				PRODUCT_BUNDLE_IDENTIFIER = com.marcoscheffler.glyphline;
				SDKROOT = macosx;
				SWIFT_VERSION = 6.0;
			};
			name = Debug;
		};
		6C1F91D4DC3B0CEA50A218D6 /* Release */ = {
			isa = XCBuildConfiguration;
			buildSettings = {
				BUNDLE_LOADER = "$(TEST_HOST)";
				COMBINE_HIDPI_IMAGES = YES;
				GENERATE_INFOPLIST_FILE = YES;
				LD_RUNPATH_SEARCH_PATHS = (
					"$(inherited)",
					"@executable_path/../Frameworks",
					"@loader_path/../Frameworks",
				);
				MACOSX_DEPLOYMENT_TARGET = 14.0;
				SDKROOT = macosx;
				SWIFT_VERSION = 6.0;
				TEST_HOST = "$(BUILT_PRODUCTS_DIR)/Glyphline.app/Contents/MacOS/Glyphline";
			};
			name = Release;
		};
		738E27D453B44C1C6A293C4E /* Release */ = {
			isa = XCBuildConfiguration;
			buildSettings = {
				ALWAYS_SEARCH_USER_PATHS = NO;
				CLANG_ANALYZER_NONNULL = YES;
				CLANG_ANALYZER_NUMBER_OBJECT_CONVERSION = YES_AGGRESSIVE;
				CLANG_CXX_LANGUAGE_STANDARD = "gnu++14";
				CLANG_CXX_LIBRARY = "libc++";
				CLANG_ENABLE_MODULES = YES;
				CLANG_ENABLE_OBJC_ARC = YES;
				CLANG_ENABLE_OBJC_WEAK = YES;
				CLANG_WARN_BLOCK_CAPTURE_AUTORELEASING = YES;
				CLANG_WARN_BOOL_CONVERSION = YES;
				CLANG_WARN_COMMA = YES;
				CLANG_WARN_CONSTANT_CONVERSION = YES;
				CLANG_WARN_DEPRECATED_OBJC_IMPLEMENTATIONS = YES;
				CLANG_WARN_DIRECT_OBJC_ISA_USAGE = YES_ERROR;
				CLANG_WARN_DOCUMENTATION_COMMENTS = YES;
				CLANG_WARN_EMPTY_BODY = YES;
				CLANG_WARN_ENUM_CONVERSION = YES;
				CLANG_WARN_INFINITE_RECURSION = YES;
				CLANG_WARN_INT_CONVERSION = YES;
				CLANG_WARN_NON_LITERAL_NULL_CONVERSION = YES;
				CLANG_WARN_OBJC_IMPLICIT_RETAIN_SELF = YES;
				CLANG_WARN_OBJC_LITERAL_CONVERSION = YES;
				CLANG_WARN_OBJC_ROOT_CLASS = YES_ERROR;
				CLANG_WARN_QUOTED_INCLUDE_IN_FRAMEWORK_HEADER = YES;
				CLANG_WARN_RANGE_LOOP_ANALYSIS = YES;
				CLANG_WARN_STRICT_PROTOTYPES = YES;
				CLANG_WARN_SUSPICIOUS_MOVE = YES;
				CLANG_WARN_UNGUARDED_AVAILABILITY = YES_AGGRESSIVE;
				CLANG_WARN_UNREACHABLE_CODE = YES;
				CLANG_WARN__DUPLICATE_METHOD_MATCH = YES;
				COPY_PHASE_STRIP = NO;
				DEBUG_INFORMATION_FORMAT = "dwarf-with-dsym";
				ENABLE_NS_ASSERTIONS = NO;
				ENABLE_STRICT_OBJC_MSGSEND = YES;
				GCC_C_LANGUAGE_STANDARD = gnu11;
				GCC_NO_COMMON_BLOCKS = YES;
				GCC_WARN_64_TO_32_BIT_CONVERSION = YES;
				GCC_WARN_ABOUT_RETURN_TYPE = YES_ERROR;
				GCC_WARN_UNDECLARED_SELECTOR = YES;
				GCC_WARN_UNINITIALIZED_AUTOS = YES_AGGRESSIVE;
				GCC_WARN_UNUSED_FUNCTION = YES;
				GCC_WARN_UNUSED_VARIABLE = YES;
				MACOSX_DEPLOYMENT_TARGET = 14.0;
				MTL_ENABLE_DEBUG_INFO = NO;
				MTL_FAST_MATH = YES;
				PRODUCT_NAME = "$(TARGET_NAME)";
				SDKROOT = macosx;
				SWIFT_COMPILATION_MODE = wholemodule;
				SWIFT_OPTIMIZATION_LEVEL = "-O";
				SWIFT_VERSION = 5.0;
			};
			name = Release;
		};
/* End XCBuildConfiguration section */

/* Begin XCConfigurationList section */
		3D1D28D4A0AC405605CC1CDB /* Build configuration list for PBXProject "Glyphline" */ = {
			isa = XCConfigurationList;
			buildConfigurations = (
				50DE71EF432737F7B6845E6F /* Debug */,
				738E27D453B44C1C6A293C4E /* Release */,
			);
			defaultConfigurationIsVisible = 0;
			defaultConfigurationName = Debug;
		};
		7ECA3EDDF904907CFD8A0E7F /* Build configuration list for PBXNativeTarget "Glyphline" */ = {
			isa = XCConfigurationList;
			buildConfigurations = (
				549CF248B85357A89FA4AF48 /* Debug */,
				0DAB31093AB0C6F6198F9743 /* Release */,
			);
			defaultConfigurationIsVisible = 0;
			defaultConfigurationName = Debug;
		};
		8F43F0F3ECAD68FD0FFC8DBC /* Build configuration list for PBXNativeTarget "GlyphlineTests" */ = {
			isa = XCConfigurationList;
			buildConfigurations = (
				52CE44F2F59CE869B4506885 /* Debug */,
				6C1F91D4DC3B0CEA50A218D6 /* Release */,
			);
			defaultConfigurationIsVisible = 0;
			defaultConfigurationName = Debug;
		};
/* End XCConfigurationList section */

/* Begin XCRemoteSwiftPackageReference section */
		9894883FBBDB05A3DDFAA240 /* XCRemoteSwiftPackageReference "GRDB.swift" */ = {
			isa = XCRemoteSwiftPackageReference;
			repositoryURL = "https://github.com/groue/GRDB.swift.git";
			requirement = {
				kind = upToNextMajorVersion;
				minimumVersion = 7.0.0;
			};
		};
/* End XCRemoteSwiftPackageReference section */

/* Begin XCSwiftPackageProductDependency section */
		C1D17CF7506CDB47E08BD82A /* GRDB */ = {
			isa = XCSwiftPackageProductDependency;
			package = 9894883FBBDB05A3DDFAA240 /* XCRemoteSwiftPackageReference "GRDB.swift" */;
			productName = GRDB;
		};
/* End XCSwiftPackageProductDependency section */
	};
	rootObject = 9BAB3BFDF8B40359C788F3EC /* Project object */;
}
